// !$*UTF8*$!
{
	archiveVersion = 1;
	classes = {
	};
	objectVersion = 60;
	objects = {

/* Begin PBXBuildFile section */
		F3DC00AD2B73D92100217EB0 /* AppDelegate.swift in Sources */ = {isa = PBXBuildFile; fileRef = F3DC00AC2B73D92100217EB0 /* AppDelegate.swift */; };
		F3DC00AF2B73D92100217EB0 /* SceneDelegate.swift in Sources */ = {isa = PBXBuildFile; fileRef = F3DC00AE2B73D92100217EB0 /* SceneDelegate.swift */; };
		F3DC00B12B73D92100217EB0 /* ViewController.swift in Sources */ = {isa = PBXBuildFile; fileRef = F3DC00B02B73D92100217EB0 /* ViewController.swift */; };
		F3DC00B42B73D92100217EB0 /* Main.storyboard in Resources */ = {isa = PBXBuildFile; fileRef = F3DC00B22B73D92100217EB0 /* Main.storyboard */; };
		F3DC00B62B73D92200217EB0 /* Assets.xcassets in Resources */ = {isa = PBXBuildFile; fileRef = F3DC00B52B73D92200217EB0 /* Assets.xcassets */; };
		F3DC00B92B73D92200217EB0 /* LaunchScreen.storyboard in Resources */ = {isa = PBXBuildFile; fileRef = F3DC00B72B73D92200217EB0 /* LaunchScreen.storyboard */; };
		F3EEC3F42B73DA0D00FF1595 /* Blocks in Frameworks */ = {isa = PBXBuildFile; productRef = F3EEC3F32B73DA0D00FF1595 /* Blocks */; };
		F3EEC3FF2B73DA4000FF1595 /* MyButtonViewCell.swift in Sources */ = {isa = PBXBuildFile; fileRef = F3EEC3F72B73DA4000FF1595 /* MyButtonViewCell.swift */; };
		F3EEC4002B73DA4000FF1595 /* MyButtonComponent.swift in Sources */ = {isa = PBXBuildFile; fileRef = F3EEC3F82B73DA4000FF1595 /* MyButtonComponent.swift */; };
		F3EEC4012B73DA4000FF1595 /* MyHeaderFooterComponent.swift in Sources */ = {isa = PBXBuildFile; fileRef = F3EEC3FA2B73DA4000FF1595 /* MyHeaderFooterComponent.swift */; };
		F3EEC4022B73DA4000FF1595 /* MyHeaderFooterView.swift in Sources */ = {isa = PBXBuildFile; fileRef = F3EEC3FB2B73DA4000FF1595 /* MyHeaderFooterView.swift */; };
		F3EEC4032B73DA4000FF1595 /* LabelViewCell.swift in Sources */ = {isa = PBXBuildFile; fileRef = F3EEC3FD2B73DA4000FF1595 /* LabelViewCell.swift */; };
		F3EEC4042B73DA4000FF1595 /* MyLabelComponent.swift in Sources */ = {isa = PBXBuildFile; fileRef = F3EEC3FE2B73DA4000FF1595 /* MyLabelComponent.swift */; };
/* End PBXBuildFile section */

/* Begin PBXFileReference section */
		F3DC00A92B73D92100217EB0 /* DemoApplication.app */ = {isa = PBXFileReference; explicitFileType = wrapper.application; includeInIndex = 0; path = DemoApplication.app; sourceTree = BUILT_PRODUCTS_DIR; };
		F3DC00AC2B73D92100217EB0 /* AppDelegate.swift */ = {isa = PBXFileReference; lastKnownFileType = sourcecode.swift; path = AppDelegate.swift; sourceTree = "<group>"; };
		F3DC00AE2B73D92100217EB0 /* SceneDelegate.swift */ = {isa = PBXFileReference; lastKnownFileType = sourcecode.swift; path = SceneDelegate.swift; sourceTree = "<group>"; };
		F3DC00B02B73D92100217EB0 /* ViewController.swift */ = {isa = PBXFileReference; lastKnownFileType = sourcecode.swift; path = ViewController.swift; sourceTree = "<group>"; };
		F3DC00B32B73D92100217EB0 /* Base */ = {isa = PBXFileReference; lastKnownFileType = file.storyboard; name = Base; path = Base.lproj/Main.storyboard; sourceTree = "<group>"; };
		F3DC00B52B73D92200217EB0 /* Assets.xcassets */ = {isa = PBXFileReference; lastKnownFileType = folder.assetcatalog; path = Assets.xcassets; sourceTree = "<group>"; };
		F3DC00B82B73D92200217EB0 /* Base */ = {isa = PBXFileReference; lastKnownFileType = file.storyboard; name = Base; path = Base.lproj/LaunchScreen.storyboard; sourceTree = "<group>"; };
		F3DC00BA2B73D92200217EB0 /* Info.plist */ = {isa = PBXFileReference; lastKnownFileType = text.plist.xml; path = Info.plist; sourceTree = "<group>"; };
		F3EEC3F72B73DA4000FF1595 /* MyButtonViewCell.swift */ = {isa = PBXFileReference; fileEncoding = 4; lastKnownFileType = sourcecode.swift; path = MyButtonViewCell.swift; sourceTree = "<group>"; };
		F3EEC3F82B73DA4000FF1595 /* MyButtonComponent.swift */ = {isa = PBXFileReference; fileEncoding = 4; lastKnownFileType = sourcecode.swift; path = MyButtonComponent.swift; sourceTree = "<group>"; };
		F3EEC3FA2B73DA4000FF1595 /* MyHeaderFooterComponent.swift */ = {isa = PBXFileReference; fileEncoding = 4; lastKnownFileType = sourcecode.swift; path = MyHeaderFooterComponent.swift; sourceTree = "<group>"; };
		F3EEC3FB2B73DA4000FF1595 /* MyHeaderFooterView.swift */ = {isa = PBXFileReference; fileEncoding = 4; lastKnownFileType = sourcecode.swift; path = MyHeaderFooterView.swift; sourceTree = "<group>"; };
		F3EEC3FD2B73DA4000FF1595 /* LabelViewCell.swift */ = {isa = PBXFileReference; fileEncoding = 4; lastKnownFileType = sourcecode.swift; path = LabelViewCell.swift; sourceTree = "<group>"; };
		F3EEC3FE2B73DA4000FF1595 /* MyLabelComponent.swift */ = {isa = PBXFileReference; fileEncoding = 4; lastKnownFileType = sourcecode.swift; path = MyLabelComponent.swift; sourceTree = "<group>"; };
/* End PBXFileReference section */

/* Begin PBXFrameworksBuildPhase section */
		F3DC00A62B73D92100217EB0 /* Frameworks */ = {
			isa = PBXFrameworksBuildPhase;
			buildActionMask = 2147483647;
			files = (
				F3EEC3F42B73DA0D00FF1595 /* Blocks in Frameworks */,
			);
			runOnlyForDeploymentPostprocessing = 0;
		};
/* End PBXFrameworksBuildPhase section */

/* Begin PBXGroup section */
		F3DC00A02B73D92100217EB0 = {
			isa = PBXGroup;
			children = (
				F3DC00AB2B73D92100217EB0 /* DemoApplication */,
				F3DC00AA2B73D92100217EB0 /* Products */,
				F3DC00C22B73D94A00217EB0 /* Frameworks */,
			);
			sourceTree = "<group>";
		};
		F3DC00AA2B73D92100217EB0 /* Products */ = {
			isa = PBXGroup;
			children = (
				F3DC00A92B73D92100217EB0 /* DemoApplication.app */,
			);
			name = Products;
			sourceTree = "<group>";
		};
		F3DC00AB2B73D92100217EB0 /* DemoApplication */ = {
			isa = PBXGroup;
			children = (
				F3EEC3F52B73DA4000FF1595 /* Components */,
				F3DC00AC2B73D92100217EB0 /* AppDelegate.swift */,
				F3DC00AE2B73D92100217EB0 /* SceneDelegate.swift */,
				F3DC00B02B73D92100217EB0 /* ViewController.swift */,
				F3DC00B22B73D92100217EB0 /* Main.storyboard */,
				F3DC00B52B73D92200217EB0 /* Assets.xcassets */,
				F3DC00B72B73D92200217EB0 /* LaunchScreen.storyboard */,
				F3DC00BA2B73D92200217EB0 /* Info.plist */,
			);
			path = DemoApplication;
			sourceTree = "<group>";
		};
		F3DC00C22B73D94A00217EB0 /* Frameworks */ = {
			isa = PBXGroup;
			children = (
			);
			name = Frameworks;
			sourceTree = "<group>";
		};
		F3EEC3F52B73DA4000FF1595 /* Components */ = {
			isa = PBXGroup;
			children = (
				F3EEC3F62B73DA4000FF1595 /* MyButton */,
				F3EEC3F92B73DA4000FF1595 /* MyHeaderFooter */,
				F3EEC3FC2B73DA4000FF1595 /* MyLabel */,
			);
			name = Components;
			path = "../../../../Desktop/untitled folder/Components";
			sourceTree = "<group>";
		};
		F3EEC3F62B73DA4000FF1595 /* MyButton */ = {
			isa = PBXGroup;
			children = (
				F3EEC3F72B73DA4000FF1595 /* MyButtonViewCell.swift */,
				F3EEC3F82B73DA4000FF1595 /* MyButtonComponent.swift */,
			);
			path = MyButton;
			sourceTree = "<group>";
		};
		F3EEC3F92B73DA4000FF1595 /* MyHeaderFooter */ = {
			isa = PBXGroup;
			children = (
				F3EEC3FA2B73DA4000FF1595 /* MyHeaderFooterComponent.swift */,
				F3EEC3FB2B73DA4000FF1595 /* MyHeaderFooterView.swift */,
			);
			path = MyHeaderFooter;
			sourceTree = "<group>";
		};
		F3EEC3FC2B73DA4000FF1595 /* MyLabel */ = {
			isa = PBXGroup;
			children = (
				F3EEC3FD2B73DA4000FF1595 /* LabelViewCell.swift */,
				F3EEC3FE2B73DA4000FF1595 /* MyLabelComponent.swift */,
			);
			path = MyLabel;
			sourceTree = "<group>";
		};
/* End PBXGroup section */

/* Begin PBXNativeTarget section */
		F3DC00A82B73D92100217EB0 /* DemoApplication */ = {
			isa = PBXNativeTarget;
			buildConfigurationList = F3DC00BD2B73D92200217EB0 /* Build configuration list for PBXNativeTarget "DemoApplication" */;
			buildPhases = (
				F3DC00A52B73D92100217EB0 /* Sources */,
				F3DC00A62B73D92100217EB0 /* Frameworks */,
				F3DC00A72B73D92100217EB0 /* Resources */,
			);
			buildRules = (
			);
			dependencies = (
			);
			name = DemoApplication;
			packageProductDependencies = (
				F3EEC3F32B73DA0D00FF1595 /* Blocks */,
			);
			productName = DemoApplication;
			productReference = F3DC00A92B73D92100217EB0 /* DemoApplication.app */;
			productType = "com.apple.product-type.application";
		};
/* End PBXNativeTarget section */

/* Begin PBXProject section */
		F3DC00A12B73D92100217EB0 /* Project object */ = {
			isa = PBXProject;
			attributes = {
				BuildIndependentTargetsInParallel = 1;
				LastSwiftUpdateCheck = 1520;
				LastUpgradeCheck = 1520;
				TargetAttributes = {
					F3DC00A82B73D92100217EB0 = {
						CreatedOnToolsVersion = 15.2;
					};
				};
			};
			buildConfigurationList = F3DC00A42B73D92100217EB0 /* Build configuration list for PBXProject "DemoApplication" */;
			compatibilityVersion = "Xcode 14.0";
			developmentRegion = en;
			hasScannedForEncodings = 0;
			knownRegions = (
				en,
				Base,
			);
			mainGroup = F3DC00A02B73D92100217EB0;
			packageReferences = (
				F3EEC3F22B73DA0D00FF1595 /* XCLocalSwiftPackageReference ".." */,
			);
			productRefGroup = F3DC00AA2B73D92100217EB0 /* Products */;
			projectDirPath = "";
			projectRoot = "";
			targets = (
				F3DC00A82B73D92100217EB0 /* DemoApplication */,
			);
		};
/* End PBXProject section */

/* Begin PBXResourcesBuildPhase section */
		F3DC00A72B73D92100217EB0 /* Resources */ = {
			isa = PBXResourcesBuildPhase;
			buildActionMask = 2147483647;
			files = (
				F3DC00B92B73D92200217EB0 /* LaunchScreen.storyboard in Resources */,
				F3DC00B62B73D92200217EB0 /* Assets.xcassets in Resources */,
				F3DC00B42B73D92100217EB0 /* Main.storyboard in Resources */,
			);
			runOnlyForDeploymentPostprocessing = 0;
		};
/* End PBXResourcesBuildPhase section */

/* Begin PBXSourcesBuildPhase section */
		F3DC00A52B73D92100217EB0 /* Sources */ = {
			isa = PBXSourcesBuildPhase;
			buildActionMask = 2147483647;
			files = (
				F3EEC4022B73DA4000FF1595 /* MyHeaderFooterView.swift in Sources */,
				F3EEC4032B73DA4000FF1595 /* LabelViewCell.swift in Sources */,
				F3EEC4002B73DA4000FF1595 /* MyButtonComponent.swift in Sources */,
				F3DC00B12B73D92100217EB0 /* ViewController.swift in Sources */,
				F3EEC4042B73DA4000FF1595 /* MyLabelComponent.swift in Sources */,
				F3DC00AD2B73D92100217EB0 /* AppDelegate.swift in Sources */,
				F3EEC4012B73DA4000FF1595 /* MyHeaderFooterComponent.swift in Sources */,
				F3EEC3FF2B73DA4000FF1595 /* MyButtonViewCell.swift in Sources */,
				F3DC00AF2B73D92100217EB0 /* SceneDelegate.swift in Sources */,
			);
			runOnlyForDeploymentPostprocessing = 0;
		};
/* End PBXSourcesBuildPhase section */

/* Begin PBXVariantGroup section */
		F3DC00B22B73D92100217EB0 /* Main.storyboard */ = {
			isa = PBXVariantGroup;
			children = (
				F3DC00B32B73D92100217EB0 /* Base */,
			);
			name = Main.storyboard;
			sourceTree = "<group>";
		};
		F3DC00B72B73D92200217EB0 /* LaunchScreen.storyboard */ = {
			isa = PBXVariantGroup;
			children = (
				F3DC00B82B73D92200217EB0 /* Base */,
			);
			name = LaunchScreen.storyboard;
			sourceTree = "<group>";
		};
/* End PBXVariantGroup section */

/* Begin XCBuildConfiguration section */
		F3DC00BB2B73D92200217EB0 /* Debug */ = {
			isa = XCBuildConfiguration;
			buildSettings = {
				ALWAYS_SEARCH_USER_PATHS = NO;
				ASSETCATALOG_COMPILER_GENERATE_SWIFT_ASSET_SYMBOL_EXTENSIONS = YES;
				CLANG_ANALYZER_NONNULL = YES;
				CLANG_ANALYZER_NUMBER_OBJECT_CONVERSION = YES_AGGRESSIVE;
				CLANG_CXX_LANGUAGE_STANDARD = "gnu++20";
				CLANG_ENABLE_MODULES = YES;
				CLANG_ENABLE_OBJC_ARC = YES;
				CLANG_ENABLE_OBJC_WEAK = YES;
				CLANG_WARN_BLOCK_CAPTURE_AUTORELEASING = YES;
				CLANG_WARN_BOOL_CONVERSION = YES;
				CLANG_WARN_COMMA = YES;
				CLANG_WARN_CONSTANT_CONVERSION = YES;
				CLANG_WARN_DEPRECATED_OBJC_IMPLEMENTATIONS = YES;
				CLANG_WARN_DIRECT_OBJC_ISA_USAGE = YES_ERROR;
				CLANG_WARN_DOCUMENTATION_COMMENTS = YES;
				CLANG_WARN_EMPTY_BODY = YES;
				CLANG_WARN_ENUM_CONVERSION = YES;
				CLANG_WARN_INFINITE_RECURSION = YES;
				CLANG_WARN_INT_CONVERSION = YES;
				CLANG_WARN_NON_LITERAL_NULL_CONVERSION = YES;
				CLANG_WARN_OBJC_IMPLICIT_RETAIN_SELF = YES;
				CLANG_WARN_OBJC_LITERAL_CONVERSION = YES;
				CLANG_WARN_OBJC_ROOT_CLASS = YES_ERROR;
				CLANG_WARN_QUOTED_INCLUDE_IN_FRAMEWORK_HEADER = YES;
				CLANG_WARN_RANGE_LOOP_ANALYSIS = YES;
				CLANG_WARN_STRICT_PROTOTYPES = YES;
				CLANG_WARN_SUSPICIOUS_MOVE = YES;
				CLANG_WARN_UNGUARDED_AVAILABILITY = YES_AGGRESSIVE;
				CLANG_WARN_UNREACHABLE_CODE = YES;
				CLANG_WARN__DUPLICATE_METHOD_MATCH = YES;
				COPY_PHASE_STRIP = NO;
				DEBUG_INFORMATION_FORMAT = dwarf;
				ENABLE_STRICT_OBJC_MSGSEND = YES;
				ENABLE_TESTABILITY = YES;
				ENABLE_USER_SCRIPT_SANDBOXING = YES;
				GCC_C_LANGUAGE_STANDARD = gnu17;
				GCC_DYNAMIC_NO_PIC = NO;
				GCC_NO_COMMON_BLOCKS = YES;
				GCC_OPTIMIZATION_LEVEL = 0;
				GCC_PREPROCESSOR_DEFINITIONS = (
					"DEBUG=1",
					"$(inherited)",
				);
				GCC_WARN_64_TO_32_BIT_CONVERSION = YES;
				GCC_WARN_ABOUT_RETURN_TYPE = YES_ERROR;
				GCC_WARN_UNDECLARED_SELECTOR = YES;
				GCC_WARN_UNINITIALIZED_AUTOS = YES_AGGRESSIVE;
				GCC_WARN_UNUSED_FUNCTION = YES;
				GCC_WARN_UNUSED_VARIABLE = YES;
				IPHONEOS_DEPLOYMENT_TARGET = 17.2;
				LOCALIZATION_PREFERS_STRING_CATALOGS = YES;
				MTL_ENABLE_DEBUG_INFO = INCLUDE_SOURCE;
				MTL_FAST_MATH = YES;
				ONLY_ACTIVE_ARCH = YES;
				SDKROOT = iphoneos;
				SWIFT_ACTIVE_COMPILATION_CONDITIONS = "DEBUG $(inherited)";
				SWIFT_OPTIMIZATION_LEVEL = "-Onone";
			};
			name = Debug;
		};
		F3DC00BC2B73D92200217EB0 /* Release */ = {
			isa = XCBuildConfiguration;
			buildSettings = {
				ALWAYS_SEARCH_USER_PATHS = NO;
				ASSETCATALOG_COMPILER_GENERATE_SWIFT_ASSET_SYMBOL_EXTENSIONS = YES;
				CLANG_ANALYZER_NONNULL = YES;
				CLANG_ANALYZER_NUMBER_OBJECT_CONVERSION = YES_AGGRESSIVE;
				CLANG_CXX_LANGUAGE_STANDARD = "gnu++20";
				CLANG_ENABLE_MODULES = YES;
				CLANG_ENABLE_OBJC_ARC = YES;
				CLANG_ENABLE_OBJC_WEAK = YES;
				CLANG_WARN_BLOCK_CAPTURE_AUTORELEASING = YES;
				CLANG_WARN_BOOL_CONVERSION = YES;
				CLANG_WARN_COMMA = YES;
				CLANG_WARN_CONSTANT_CONVERSION = YES;
				CLANG_WARN_DEPRECATED_OBJC_IMPLEMENTATIONS = YES;
				CLANG_WARN_DIRECT_OBJC_ISA_USAGE = YES_ERROR;
				CLANG_WARN_DOCUMENTATION_COMMENTS = YES;
				CLANG_WARN_EMPTY_BODY = YES;
				CLANG_WARN_ENUM_CONVERSION = YES;
				CLANG_WARN_INFINITE_RECURSION = YES;
				CLANG_WARN_INT_CONVERSION = YES;
				CLANG_WARN_NON_LITERAL_NULL_CONVERSION = YES;
				CLANG_WARN_OBJC_IMPLICIT_RETAIN_SELF = YES;
				CLANG_WARN_OBJC_LITERAL_CONVERSION = YES;
				CLANG_WARN_OBJC_ROOT_CLASS = YES_ERROR;
				CLANG_WARN_QUOTED_INCLUDE_IN_FRAMEWORK_HEADER = YES;
				CLANG_WARN_RANGE_LOOP_ANALYSIS = YES;
				CLANG_WARN_STRICT_PROTOTYPES = YES;
				CLANG_WARN_SUSPICIOUS_MOVE = YES;
				CLANG_WARN_UNGUARDED_AVAILABILITY = YES_AGGRESSIVE;
				CLANG_WARN_UNREACHABLE_CODE = YES;
				CLANG_WARN__DUPLICATE_METHOD_MATCH = YES;
				COPY_PHASE_STRIP = NO;
				DEBUG_INFORMATION_FORMAT = "dwarf-with-dsym";
				ENABLE_NS_ASSERTIONS = NO;
				ENABLE_STRICT_OBJC_MSGSEND = YES;
				ENABLE_USER_SCRIPT_SANDBOXING = YES;
				GCC_C_LANGUAGE_STANDARD = gnu17;
				GCC_NO_COMMON_BLOCKS = YES;
				GCC_WARN_64_TO_32_BIT_CONVERSION = YES;
				GCC_WARN_ABOUT_RETURN_TYPE = YES_ERROR;
				GCC_WARN_UNDECLARED_SELECTOR = YES;
				GCC_WARN_UNINITIALIZED_AUTOS = YES_AGGRESSIVE;
				GCC_WARN_UNUSED_FUNCTION = YES;
				GCC_WARN_UNUSED_VARIABLE = YES;
				IPHONEOS_DEPLOYMENT_TARGET = 17.2;
				LOCALIZATION_PREFERS_STRING_CATALOGS = YES;
				MTL_ENABLE_DEBUG_INFO = NO;
				MTL_FAST_MATH = YES;
				SDKROOT = iphoneos;
				SWIFT_COMPILATION_MODE = wholemodule;
				VALIDATE_PRODUCT = YES;
			};
			name = Release;
		};
		F3DC00BE2B73D92200217EB0 /* Debug */ = {
			isa = XCBuildConfiguration;
			buildSettings = {
				ASSETCATALOG_COMPILER_APPICON_NAME = AppIcon;
				ASSETCATALOG_COMPILER_GLOBAL_ACCENT_COLOR_NAME = AccentColor;
				CODE_SIGN_STYLE = Automatic;
				CURRENT_PROJECT_VERSION = 1;
				DEVELOPMENT_TEAM = 899S8YHUCE;
				GENERATE_INFOPLIST_FILE = YES;
				INFOPLIST_FILE = DemoApplication/Info.plist;
				INFOPLIST_KEY_UIApplicationSupportsIndirectInputEvents = YES;
				INFOPLIST_KEY_UILaunchStoryboardName = LaunchScreen;
				INFOPLIST_KEY_UIMainStoryboardFile = Main;
				INFOPLIST_KEY_UISupportedInterfaceOrientations_iPad = "UIInterfaceOrientationPortrait UIInterfaceOrientationPortraitUpsideDown UIInterfaceOrientationLandscapeLeft UIInterfaceOrientationLandscapeRight";
				INFOPLIST_KEY_UISupportedInterfaceOrientations_iPhone = "UIInterfaceOrientationPortrait UIInterfaceOrientationLandscapeLeft UIInterfaceOrientationLandscapeRight";
				LD_RUNPATH_SEARCH_PATHS = (
					"$(inherited)",
					"@executable_path/Frameworks",
				);
				MARKETING_VERSION = 1.0;
				PRODUCT_BUNDLE_IDENTIFIER = billpdev.DemoApplicationBlocks;
				PRODUCT_NAME = "$(TARGET_NAME)";
				SWIFT_EMIT_LOC_STRINGS = YES;
				SWIFT_VERSION = 5.0;
				TARGETED_DEVICE_FAMILY = "1,2";
			};
			name = Debug;
		};
		F3DC00BF2B73D92200217EB0 /* Release */ = {
			isa = XCBuildConfiguration;
			buildSettings = {
				ASSETCATALOG_COMPILER_APPICON_NAME = AppIcon;
				ASSETCATALOG_COMPILER_GLOBAL_ACCENT_COLOR_NAME = AccentColor;
				CODE_SIGN_STYLE = Automatic;
				CURRENT_PROJECT_VERSION = 1;
				DEVELOPMENT_TEAM = 899S8YHUCE;
				GENERATE_INFOPLIST_FILE = YES;
				INFOPLIST_FILE = DemoApplication/Info.plist;
				INFOPLIST_KEY_UIApplicationSupportsIndirectInputEvents = YES;
				INFOPLIST_KEY_UILaunchStoryboardName = LaunchScreen;
				INFOPLIST_KEY_UIMainStoryboardFile = Main;
				INFOPLIST_KEY_UISupportedInterfaceOrientations_iPad = "UIInterfaceOrientationPortrait UIInterfaceOrientationPortraitUpsideDown UIInterfaceOrientationLandscapeLeft UIInterfaceOrientationLandscapeRight";
				INFOPLIST_KEY_UISupportedInterfaceOrientations_iPhone = "UIInterfaceOrientationPortrait UIInterfaceOrientationLandscapeLeft UIInterfaceOrientationLandscapeRight";
				LD_RUNPATH_SEARCH_PATHS = (
					"$(inherited)",
					"@executable_path/Frameworks",
				);
				MARKETING_VERSION = 1.0;
				PRODUCT_BUNDLE_IDENTIFIER = billpdev.DemoApplicationBlocks;
				PRODUCT_NAME = "$(TARGET_NAME)";
				SWIFT_EMIT_LOC_STRINGS = YES;
				SWIFT_VERSION = 5.0;
				TARGETED_DEVICE_FAMILY = "1,2";
			};
			name = Release;
		};
/* End XCBuildConfiguration section */

/* Begin XCConfigurationList section */
		F3DC00A42B73D92100217EB0 /* Build configuration list for PBXProject "DemoApplication" */ = {
			isa = XCConfigurationList;
			buildConfigurations = (
				F3DC00BB2B73D92200217EB0 /* Debug */,
				F3DC00BC2B73D92200217EB0 /* Release */,
			);
			defaultConfigurationIsVisible = 0;
			defaultConfigurationName = Release;
		};
		F3DC00BD2B73D92200217EB0 /* Build configuration list for PBXNativeTarget "DemoApplication" */ = {
			isa = XCConfigurationList;
			buildConfigurations = (
				F3DC00BE2B73D92200217EB0 /* Debug */,
				F3DC00BF2B73D92200217EB0 /* Release */,
			);
			defaultConfigurationIsVisible = 0;
			defaultConfigurationName = Release;
		};
/* End XCConfigurationList section */

/* Begin XCLocalSwiftPackageReference section */
		F3EEC3F22B73DA0D00FF1595 /* XCLocalSwiftPackageReference ".." */ = {
			isa = XCLocalSwiftPackageReference;
			relativePath = ..;
		};
/* End XCLocalSwiftPackageReference section */

/* Begin XCSwiftPackageProductDependency section */
		F3EEC3F32B73DA0D00FF1595 /* Blocks */ = {
			isa = XCSwiftPackageProductDependency;
			productName = Blocks;
		};
/* End XCSwiftPackageProductDependency section */
	};
	rootObject = F3DC00A12B73D92100217EB0 /* Project object */;
}
