// !$*UTF8*$!
{
	archiveVersion = 1;
	classes = {
	};
	objectVersion = 60;
	objects = {

/* Begin PBXBuildFile section */
		2391A00D2B7812E300122065 /* TodoListHeaderView.swift in Sources */ = {isa = PBXBuildFile; fileRef = 2391A0072B7812E300122065 /* TodoListHeaderView.swift */; };
		2391A00E2B7812E300122065 /* TodoListHeaderComponent.swift in Sources */ = {isa = PBXBuildFile; fileRef = 2391A0082B7812E300122065 /* TodoListHeaderComponent.swift */; };
		F303B8762B7D075500DBF296 /* TodosViewModel.swift in Sources */ = {isa = PBXBuildFile; fileRef = F303B8752B7D075500DBF296 /* TodosViewModel.swift */; };
		F31D5DC22B7E712F0038EC69 /* TodoComponent.swift in Sources */ = {isa = PBXBuildFile; fileRef = F31D5DC12B7E712F0038EC69 /* TodoComponent.swift */; };
		F31D5DC42B7E71360038EC69 /* TodoView.swift in Sources */ = {isa = PBXBuildFile; fileRef = F31D5DC32B7E71360038EC69 /* TodoView.swift */; };
		F31D5DC62B7E7E4E0038EC69 /* TodoListHeaderView.xib in Resources */ = {isa = PBXBuildFile; fileRef = F31D5DC52B7E7E4E0038EC69 /* TodoListHeaderView.xib */; };
		F324827F2B7D0F1A00CE4941 /* Todo.swift in Sources */ = {isa = PBXBuildFile; fileRef = F324827E2B7D0F1A00CE4941 /* Todo.swift */; };
		F32482822B7D183900CE4941 /* TodoTextFieldView.swift in Sources */ = {isa = PBXBuildFile; fileRef = F32482812B7D183900CE4941 /* TodoTextFieldView.swift */; };
		F32482842B7D184F00CE4941 /* TodoTextFieldComponent.swift in Sources */ = {isa = PBXBuildFile; fileRef = F32482832B7D184F00CE4941 /* TodoTextFieldComponent.swift */; };
		F3843BF12B7F9FFE00A61B74 /* EmptyResultsViewCell.swift in Sources */ = {isa = PBXBuildFile; fileRef = F3843BEF2B7F9FFE00A61B74 /* EmptyResultsViewCell.swift */; };
		F3843BF22B7F9FFE00A61B74 /* EmptyResultsViewCell.xib in Resources */ = {isa = PBXBuildFile; fileRef = F3843BF02B7F9FFE00A61B74 /* EmptyResultsViewCell.xib */; };
		F385E5E42B7E24FC00EB2C99 /* TextFieldWrapper.swift in Sources */ = {isa = PBXBuildFile; fileRef = F385E5E32B7E24FC00EB2C99 /* TextFieldWrapper.swift */; };
		F3B307232B86385B00BCB318 /* View+RoundedCorner.swift in Sources */ = {isa = PBXBuildFile; fileRef = F3B307222B86385B00BCB318 /* View+RoundedCorner.swift */; };
		F3D5B1772B7B87F70080E3C4 /* EmptyResultsComponent.swift in Sources */ = {isa = PBXBuildFile; fileRef = F3D5B1762B7B87F70080E3C4 /* EmptyResultsComponent.swift */; };
		F3DC00AD2B73D92100217EB0 /* AppDelegate.swift in Sources */ = {isa = PBXBuildFile; fileRef = F3DC00AC2B73D92100217EB0 /* AppDelegate.swift */; };
		F3DC00AF2B73D92100217EB0 /* SceneDelegate.swift in Sources */ = {isa = PBXBuildFile; fileRef = F3DC00AE2B73D92100217EB0 /* SceneDelegate.swift */; };
		F3DC00B12B73D92100217EB0 /* TodosViewController.swift in Sources */ = {isa = PBXBuildFile; fileRef = F3DC00B02B73D92100217EB0 /* TodosViewController.swift */; };
		F3DC00B42B73D92100217EB0 /* Main.storyboard in Resources */ = {isa = PBXBuildFile; fileRef = F3DC00B22B73D92100217EB0 /* Main.storyboard */; };
		F3DC00B62B73D92200217EB0 /* Assets.xcassets in Resources */ = {isa = PBXBuildFile; fileRef = F3DC00B52B73D92200217EB0 /* Assets.xcassets */; };
		F3DC00B92B73D92200217EB0 /* LaunchScreen.storyboard in Resources */ = {isa = PBXBuildFile; fileRef = F3DC00B72B73D92200217EB0 /* LaunchScreen.storyboard */; };
		F3EEC3F42B73DA0D00FF1595 /* Blocks in Frameworks */ = {isa = PBXBuildFile; productRef = F3EEC3F32B73DA0D00FF1595 /* Blocks */; };
/* End PBXBuildFile section */

/* Begin PBXFileReference section */
		2391A0072B7812E300122065 /* TodoListHeaderView.swift */ = {isa = PBXFileReference; fileEncoding = 4; lastKnownFileType = sourcecode.swift; path = TodoListHeaderView.swift; sourceTree = "<group>"; };
		2391A0082B7812E300122065 /* TodoListHeaderComponent.swift */ = {isa = PBXFileReference; fileEncoding = 4; lastKnownFileType = sourcecode.swift; path = TodoListHeaderComponent.swift; sourceTree = "<group>"; };
		F303B8752B7D075500DBF296 /* TodosViewModel.swift */ = {isa = PBXFileReference; lastKnownFileType = sourcecode.swift; path = TodosViewModel.swift; sourceTree = "<group>"; };
		F31D5DC12B7E712F0038EC69 /* TodoComponent.swift */ = {isa = PBXFileReference; lastKnownFileType = sourcecode.swift; path = TodoComponent.swift; sourceTree = "<group>"; };
		F31D5DC32B7E71360038EC69 /* TodoView.swift */ = {isa = PBXFileReference; lastKnownFileType = sourcecode.swift; path = TodoView.swift; sourceTree = "<group>"; };
		F31D5DC52B7E7E4E0038EC69 /* TodoListHeaderView.xib */ = {isa = PBXFileReference; lastKnownFileType = file.xib; path = TodoListHeaderView.xib; sourceTree = "<group>"; };
		F324827E2B7D0F1A00CE4941 /* Todo.swift */ = {isa = PBXFileReference; lastKnownFileType = sourcecode.swift; path = Todo.swift; sourceTree = "<group>"; };
		F32482812B7D183900CE4941 /* TodoTextFieldView.swift */ = {isa = PBXFileReference; lastKnownFileType = sourcecode.swift; path = TodoTextFieldView.swift; sourceTree = "<group>"; };
		F32482832B7D184F00CE4941 /* TodoTextFieldComponent.swift */ = {isa = PBXFileReference; lastKnownFileType = sourcecode.swift; path = TodoTextFieldComponent.swift; sourceTree = "<group>"; };
		F3843BEF2B7F9FFE00A61B74 /* EmptyResultsViewCell.swift */ = {isa = PBXFileReference; lastKnownFileType = sourcecode.swift; path = EmptyResultsViewCell.swift; sourceTree = "<group>"; };
		F3843BF02B7F9FFE00A61B74 /* EmptyResultsViewCell.xib */ = {isa = PBXFileReference; lastKnownFileType = file.xib; path = EmptyResultsViewCell.xib; sourceTree = "<group>"; };
		F385E5E32B7E24FC00EB2C99 /* TextFieldWrapper.swift */ = {isa = PBXFileReference; lastKnownFileType = sourcecode.swift; path = TextFieldWrapper.swift; sourceTree = "<group>"; };
		F3B307222B86385B00BCB318 /* View+RoundedCorner.swift */ = {isa = PBXFileReference; lastKnownFileType = sourcecode.swift; path = "View+RoundedCorner.swift"; sourceTree = "<group>"; };
		F3D5B1762B7B87F70080E3C4 /* EmptyResultsComponent.swift */ = {isa = PBXFileReference; lastKnownFileType = sourcecode.swift; path = EmptyResultsComponent.swift; sourceTree = "<group>"; };
		F3DC00A92B73D92100217EB0 /* DemoApplication.app */ = {isa = PBXFileReference; explicitFileType = wrapper.application; includeInIndex = 0; path = DemoApplication.app; sourceTree = BUILT_PRODUCTS_DIR; };
		F3DC00AC2B73D92100217EB0 /* AppDelegate.swift */ = {isa = PBXFileReference; lastKnownFileType = sourcecode.swift; path = AppDelegate.swift; sourceTree = "<group>"; };
		F3DC00AE2B73D92100217EB0 /* SceneDelegate.swift */ = {isa = PBXFileReference; lastKnownFileType = sourcecode.swift; path = SceneDelegate.swift; sourceTree = "<group>"; };
		F3DC00B02B73D92100217EB0 /* TodosViewController.swift */ = {isa = PBXFileReference; lastKnownFileType = sourcecode.swift; path = TodosViewController.swift; sourceTree = "<group>"; };
		F3DC00B32B73D92100217EB0 /* Base */ = {isa = PBXFileReference; lastKnownFileType = file.storyboard; name = Base; path = Base.lproj/Main.storyboard; sourceTree = "<group>"; };
		F3DC00B52B73D92200217EB0 /* Assets.xcassets */ = {isa = PBXFileReference; lastKnownFileType = folder.assetcatalog; path = Assets.xcassets; sourceTree = "<group>"; };
		F3DC00B82B73D92200217EB0 /* Base */ = {isa = PBXFileReference; lastKnownFileType = file.storyboard; name = Base; path = Base.lproj/LaunchScreen.storyboard; sourceTree = "<group>"; };
		F3DC00BA2B73D92200217EB0 /* Info.plist */ = {isa = PBXFileReference; lastKnownFileType = text.plist.xml; path = Info.plist; sourceTree = "<group>"; };
/* End PBXFileReference section */

/* Begin PBXFrameworksBuildPhase section */
		F3DC00A62B73D92100217EB0 /* Frameworks */ = {
			isa = PBXFrameworksBuildPhase;
			buildActionMask = 2147483647;
			files = (
				F3EEC3F42B73DA0D00FF1595 /* Blocks in Frameworks */,
			);
			runOnlyForDeploymentPostprocessing = 0;
		};
/* End PBXFrameworksBuildPhase section */

/* Begin PBXGroup section */
		23919FFF2B7812E300122065 /* Components */ = {
			isa = PBXGroup;
			children = (
				F31D5DC02B7E71190038EC69 /* TodoView */,
				F32482802B7D181D00CE4941 /* TodoTextField */,
				F3D5B1752B7B87E80080E3C4 /* EmptyResults */,
				2391A0062B7812E300122065 /* TodoListHeader */,
			);
			path = Components;
			sourceTree = "<group>";
		};
		2391A0062B7812E300122065 /* TodoListHeader */ = {
			isa = PBXGroup;
			children = (
				2391A0072B7812E300122065 /* TodoListHeaderView.swift */,
				F31D5DC52B7E7E4E0038EC69 /* TodoListHeaderView.xib */,
				2391A0082B7812E300122065 /* TodoListHeaderComponent.swift */,
			);
			path = TodoListHeader;
			sourceTree = "<group>";
		};
		F303B8732B7D073B00DBF296 /* Screens */ = {
			isa = PBXGroup;
			children = (
				F3DC00B02B73D92100217EB0 /* TodosViewController.swift */,
				F303B8752B7D075500DBF296 /* TodosViewModel.swift */,
			);
			path = Screens;
			sourceTree = "<group>";
		};
		F31D5DC02B7E71190038EC69 /* TodoView */ = {
			isa = PBXGroup;
			children = (
				F31D5DC12B7E712F0038EC69 /* TodoComponent.swift */,
				F31D5DC32B7E71360038EC69 /* TodoView.swift */,
			);
			path = TodoView;
			sourceTree = "<group>";
		};
		F324827D2B7D0F1100CE4941 /* Models */ = {
			isa = PBXGroup;
			children = (
				F324827E2B7D0F1A00CE4941 /* Todo.swift */,
			);
			path = Models;
			sourceTree = "<group>";
		};
		F32482802B7D181D00CE4941 /* TodoTextField */ = {
			isa = PBXGroup;
			children = (
				F32482812B7D183900CE4941 /* TodoTextFieldView.swift */,
				F32482832B7D184F00CE4941 /* TodoTextFieldComponent.swift */,
			);
			path = TodoTextField;
			sourceTree = "<group>";
		};
		F385E5E22B7E24E300EB2C99 /* SwiftUIWrappers */ = {
			isa = PBXGroup;
			children = (
				F385E5E32B7E24FC00EB2C99 /* TextFieldWrapper.swift */,
			);
			path = SwiftUIWrappers;
			sourceTree = "<group>";
		};
		F3B307202B86383700BCB318 /* SwiftUIExtensions */ = {
			isa = PBXGroup;
			children = (
				F3B307222B86385B00BCB318 /* View+RoundedCorner.swift */,
			);
			path = SwiftUIExtensions;
			sourceTree = "<group>";
		};
		F3D5B1752B7B87E80080E3C4 /* EmptyResults */ = {
			isa = PBXGroup;
			children = (
				F3D5B1762B7B87F70080E3C4 /* EmptyResultsComponent.swift */,
				F3843BEF2B7F9FFE00A61B74 /* EmptyResultsViewCell.swift */,
				F3843BF02B7F9FFE00A61B74 /* EmptyResultsViewCell.xib */,
			);
			path = EmptyResults;
			sourceTree = "<group>";
		};
		F3DC00A02B73D92100217EB0 = {
			isa = PBXGroup;
			children = (
				F3DC00AB2B73D92100217EB0 /* DemoApplication */,
				F3DC00AA2B73D92100217EB0 /* Products */,
				F3DC00C22B73D94A00217EB0 /* Frameworks */,
			);
			sourceTree = "<group>";
		};
		F3DC00AA2B73D92100217EB0 /* Products */ = {
			isa = PBXGroup;
			children = (
				F3DC00A92B73D92100217EB0 /* DemoApplication.app */,
			);
			name = Products;
			sourceTree = "<group>";
		};
		F3DC00AB2B73D92100217EB0 /* DemoApplication */ = {
			isa = PBXGroup;
			children = (
				F3B307202B86383700BCB318 /* SwiftUIExtensions */,
				F385E5E22B7E24E300EB2C99 /* SwiftUIWrappers */,
				F324827D2B7D0F1100CE4941 /* Models */,
				F303B8732B7D073B00DBF296 /* Screens */,
				23919FFF2B7812E300122065 /* Components */,
				F3DC00AC2B73D92100217EB0 /* AppDelegate.swift */,
				F3DC00AE2B73D92100217EB0 /* SceneDelegate.swift */,
				F3DC00B22B73D92100217EB0 /* Main.storyboard */,
				F3DC00B52B73D92200217EB0 /* Assets.xcassets */,
				F3DC00B72B73D92200217EB0 /* LaunchScreen.storyboard */,
				F3DC00BA2B73D92200217EB0 /* Info.plist */,
			);
			path = DemoApplication;
			sourceTree = "<group>";
		};
		F3DC00C22B73D94A00217EB0 /* Frameworks */ = {
			isa = PBXGroup;
			children = (
			);
			name = Frameworks;
			sourceTree = "<group>";
		};
/* End PBXGroup section */

/* Begin PBXNativeTarget section */
		F3DC00A82B73D92100217EB0 /* DemoApplication */ = {
			isa = PBXNativeTarget;
			buildConfigurationList = F3DC00BD2B73D92200217EB0 /* Build configuration list for PBXNativeTarget "DemoApplication" */;
			buildPhases = (
				F3DC00A52B73D92100217EB0 /* Sources */,
				F3DC00A62B73D92100217EB0 /* Frameworks */,
				F3DC00A72B73D92100217EB0 /* Resources */,
			);
			buildRules = (
			);
			dependencies = (
			);
			name = DemoApplication;
			packageProductDependencies = (
				F3EEC3F32B73DA0D00FF1595 /* Blocks */,
			);
			productName = DemoApplication;
			productReference = F3DC00A92B73D92100217EB0 /* DemoApplication.app */;
			productType = "com.apple.product-type.application";
		};
/* End PBXNativeTarget section */

/* Begin PBXProject section */
		F3DC00A12B73D92100217EB0 /* Project object */ = {
			isa = PBXProject;
			attributes = {
				BuildIndependentTargetsInParallel = 1;
				LastSwiftUpdateCheck = 1520;
				LastUpgradeCheck = 1520;
				TargetAttributes = {
					F3DC00A82B73D92100217EB0 = {
						CreatedOnToolsVersion = 15.2;
					};
				};
			};
			buildConfigurationList = F3DC00A42B73D92100217EB0 /* Build configuration list for PBXProject "DemoApplication" */;
			compatibilityVersion = "Xcode 14.0";
			developmentRegion = en;
			hasScannedForEncodings = 0;
			knownRegions = (
				en,
				Base,
			);
			mainGroup = F3DC00A02B73D92100217EB0;
			packageReferences = (
				F3EEC3F22B73DA0D00FF1595 /* XCLocalSwiftPackageReference ".." */,
			);
			productRefGroup = F3DC00AA2B73D92100217EB0 /* Products */;
			projectDirPath = "";
			projectRoot = "";
			targets = (
				F3DC00A82B73D92100217EB0 /* DemoApplication */,
			);
		};
/* End PBXProject section */

/* Begin PBXResourcesBuildPhase section */
		F3DC00A72B73D92100217EB0 /* Resources */ = {
			isa = PBXResourcesBuildPhase;
			buildActionMask = 2147483647;
			files = (
				F3843BF22B7F9FFE00A61B74 /* EmptyResultsViewCell.xib in Resources */,
				F3DC00B92B73D92200217EB0 /* LaunchScreen.storyboard in Resources */,
				F3DC00B62B73D92200217EB0 /* Assets.xcassets in Resources */,
				F3DC00B42B73D92100217EB0 /* Main.storyboard in Resources */,
				F31D5DC62B7E7E4E0038EC69 /* TodoListHeaderView.xib in Resources */,
			);
			runOnlyForDeploymentPostprocessing = 0;
		};
/* End PBXResourcesBuildPhase section */

/* Begin PBXSourcesBuildPhase section */
		F3DC00A52B73D92100217EB0 /* Sources */ = {
			isa = PBXSourcesBuildPhase;
			buildActionMask = 2147483647;
			files = (
				F3B307232B86385B00BCB318 /* View+RoundedCorner.swift in Sources */,
				2391A00D2B7812E300122065 /* TodoListHeaderView.swift in Sources */,
				F3DC00B12B73D92100217EB0 /* TodosViewController.swift in Sources */,
				2391A00E2B7812E300122065 /* TodoListHeaderComponent.swift in Sources */,
				F3DC00AD2B73D92100217EB0 /* AppDelegate.swift in Sources */,
				F31D5DC42B7E71360038EC69 /* TodoView.swift in Sources */,
				F32482842B7D184F00CE4941 /* TodoTextFieldComponent.swift in Sources */,
				F3D5B1772B7B87F70080E3C4 /* EmptyResultsComponent.swift in Sources */,
				F3843BF12B7F9FFE00A61B74 /* EmptyResultsViewCell.swift in Sources */,
				F31D5DC22B7E712F0038EC69 /* TodoComponent.swift in Sources */,
				F3DC00AF2B73D92100217EB0 /* SceneDelegate.swift in Sources */,
				F32482822B7D183900CE4941 /* TodoTextFieldView.swift in Sources */,
				F385E5E42B7E24FC00EB2C99 /* TextFieldWrapper.swift in Sources */,
				F324827F2B7D0F1A00CE4941 /* Todo.swift in Sources */,
				F303B8762B7D075500DBF296 /* TodosViewModel.swift in Sources */,
			);
			runOnlyForDeploymentPostprocessing = 0;
		};
/* End PBXSourcesBuildPhase section */

/* Begin PBXVariantGroup section */
		F3DC00B22B73D92100217EB0 /* Main.storyboard */ = {
			isa = PBXVariantGroup;
			children = (
				F3DC00B32B73D92100217EB0 /* Base */,
			);
			name = Main.storyboard;
			sourceTree = "<group>";
		};
		F3DC00B72B73D92200217EB0 /* LaunchScreen.storyboard */ = {
			isa = PBXVariantGroup;
			children = (
				F3DC00B82B73D92200217EB0 /* Base */,
			);
			name = LaunchScreen.storyboard;
			sourceTree = "<group>";
		};
/* End PBXVariantGroup section */

/* Begin XCBuildConfiguration section */
		F3DC00BB2B73D92200217EB0 /* Debug */ = {
			isa = XCBuildConfiguration;
			buildSettings = {
				ALWAYS_SEARCH_USER_PATHS = NO;
				ASSETCATALOG_COMPILER_GENERATE_SWIFT_ASSET_SYMBOL_EXTENSIONS = YES;
				CLANG_ANALYZER_NONNULL = YES;
				CLANG_ANALYZER_NUMBER_OBJECT_CONVERSION = YES_AGGRESSIVE;
				CLANG_CXX_LANGUAGE_STANDARD = "gnu++20";
				CLANG_ENABLE_MODULES = YES;
				CLANG_ENABLE_OBJC_ARC = YES;
				CLANG_ENABLE_OBJC_WEAK = YES;
				CLANG_WARN_BLOCK_CAPTURE_AUTORELEASING = YES;
				CLANG_WARN_BOOL_CONVERSION = YES;
				CLANG_WARN_COMMA = YES;
				CLANG_WARN_CONSTANT_CONVERSION = YES;
				CLANG_WARN_DEPRECATED_OBJC_IMPLEMENTATIONS = YES;
				CLANG_WARN_DIRECT_OBJC_ISA_USAGE = YES_ERROR;
				CLANG_WARN_DOCUMENTATION_COMMENTS = YES;
				CLANG_WARN_EMPTY_BODY = YES;
				CLANG_WARN_ENUM_CONVERSION = YES;
				CLANG_WARN_INFINITE_RECURSION = YES;
				CLANG_WARN_INT_CONVERSION = YES;
				CLANG_WARN_NON_LITERAL_NULL_CONVERSION = YES;
				CLANG_WARN_OBJC_IMPLICIT_RETAIN_SELF = YES;
				CLANG_WARN_OBJC_LITERAL_CONVERSION = YES;
				CLANG_WARN_OBJC_ROOT_CLASS = YES_ERROR;
				CLANG_WARN_QUOTED_INCLUDE_IN_FRAMEWORK_HEADER = YES;
				CLANG_WARN_RANGE_LOOP_ANALYSIS = YES;
				CLANG_WARN_STRICT_PROTOTYPES = YES;
				CLANG_WARN_SUSPICIOUS_MOVE = YES;
				CLANG_WARN_UNGUARDED_AVAILABILITY = YES_AGGRESSIVE;
				CLANG_WARN_UNREACHABLE_CODE = YES;
				CLANG_WARN__DUPLICATE_METHOD_MATCH = YES;
				COPY_PHASE_STRIP = NO;
				DEBUG_INFORMATION_FORMAT = dwarf;
				ENABLE_STRICT_OBJC_MSGSEND = YES;
				ENABLE_TESTABILITY = YES;
				ENABLE_USER_SCRIPT_SANDBOXING = YES;
				GCC_C_LANGUAGE_STANDARD = gnu17;
				GCC_DYNAMIC_NO_PIC = NO;
				GCC_NO_COMMON_BLOCKS = YES;
				GCC_OPTIMIZATION_LEVEL = 0;
				GCC_PREPROCESSOR_DEFINITIONS = (
					"DEBUG=1",
					"$(inherited)",
				);
				GCC_WARN_64_TO_32_BIT_CONVERSION = YES;
				GCC_WARN_ABOUT_RETURN_TYPE = YES_ERROR;
				GCC_WARN_UNDECLARED_SELECTOR = YES;
				GCC_WARN_UNINITIALIZED_AUTOS = YES_AGGRESSIVE;
				GCC_WARN_UNUSED_FUNCTION = YES;
				GCC_WARN_UNUSED_VARIABLE = YES;
				IPHONEOS_DEPLOYMENT_TARGET = 17.2;
				LOCALIZATION_PREFERS_STRING_CATALOGS = YES;
				MTL_ENABLE_DEBUG_INFO = INCLUDE_SOURCE;
				MTL_FAST_MATH = YES;
				ONLY_ACTIVE_ARCH = YES;
				SDKROOT = iphoneos;
				SWIFT_ACTIVE_COMPILATION_CONDITIONS = "DEBUG $(inherited)";
				SWIFT_OPTIMIZATION_LEVEL = "-Onone";
			};
			name = Debug;
		};
		F3DC00BC2B73D92200217EB0 /* Release */ = {
			isa = XCBuildConfiguration;
			buildSettings = {
				ALWAYS_SEARCH_USER_PATHS = NO;
				ASSETCATALOG_COMPILER_GENERATE_SWIFT_ASSET_SYMBOL_EXTENSIONS = YES;
				CLANG_ANALYZER_NONNULL = YES;
				CLANG_ANALYZER_NUMBER_OBJECT_CONVERSION = YES_AGGRESSIVE;
				CLANG_CXX_LANGUAGE_STANDARD = "gnu++20";
				CLANG_ENABLE_MODULES = YES;
				CLANG_ENABLE_OBJC_ARC = YES;
				CLANG_ENABLE_OBJC_WEAK = YES;
				CLANG_WARN_BLOCK_CAPTURE_AUTORELEASING = YES;
				CLANG_WARN_BOOL_CONVERSION = YES;
				CLANG_WARN_COMMA = YES;
				CLANG_WARN_CONSTANT_CONVERSION = YES;
				CLANG_WARN_DEPRECATED_OBJC_IMPLEMENTATIONS = YES;
				CLANG_WARN_DIRECT_OBJC_ISA_USAGE = YES_ERROR;
				CLANG_WARN_DOCUMENTATION_COMMENTS = YES;
				CLANG_WARN_EMPTY_BODY = YES;
				CLANG_WARN_ENUM_CONVERSION = YES;
				CLANG_WARN_INFINITE_RECURSION = YES;
				CLANG_WARN_INT_CONVERSION = YES;
				CLANG_WARN_NON_LITERAL_NULL_CONVERSION = YES;
				CLANG_WARN_OBJC_IMPLICIT_RETAIN_SELF = YES;
				CLANG_WARN_OBJC_LITERAL_CONVERSION = YES;
				CLANG_WARN_OBJC_ROOT_CLASS = YES_ERROR;
				CLANG_WARN_QUOTED_INCLUDE_IN_FRAMEWORK_HEADER = YES;
				CLANG_WARN_RANGE_LOOP_ANALYSIS = YES;
				CLANG_WARN_STRICT_PROTOTYPES = YES;
				CLANG_WARN_SUSPICIOUS_MOVE = YES;
				CLANG_WARN_UNGUARDED_AVAILABILITY = YES_AGGRESSIVE;
				CLANG_WARN_UNREACHABLE_CODE = YES;
				CLANG_WARN__DUPLICATE_METHOD_MATCH = YES;
				COPY_PHASE_STRIP = NO;
				DEBUG_INFORMATION_FORMAT = "dwarf-with-dsym";
				ENABLE_NS_ASSERTIONS = NO;
				ENABLE_STRICT_OBJC_MSGSEND = YES;
				ENABLE_USER_SCRIPT_SANDBOXING = YES;
				GCC_C_LANGUAGE_STANDARD = gnu17;
				GCC_NO_COMMON_BLOCKS = YES;
				GCC_WARN_64_TO_32_BIT_CONVERSION = YES;
				GCC_WARN_ABOUT_RETURN_TYPE = YES_ERROR;
				GCC_WARN_UNDECLARED_SELECTOR = YES;
				GCC_WARN_UNINITIALIZED_AUTOS = YES_AGGRESSIVE;
				GCC_WARN_UNUSED_FUNCTION = YES;
				GCC_WARN_UNUSED_VARIABLE = YES;
				IPHONEOS_DEPLOYMENT_TARGET = 17.2;
				LOCALIZATION_PREFERS_STRING_CATALOGS = YES;
				MTL_ENABLE_DEBUG_INFO = NO;
				MTL_FAST_MATH = YES;
				SDKROOT = iphoneos;
				SWIFT_COMPILATION_MODE = wholemodule;
				VALIDATE_PRODUCT = YES;
			};
			name = Release;
		};
		F3DC00BE2B73D92200217EB0 /* Debug */ = {
			isa = XCBuildConfiguration;
			buildSettings = {
				ASSETCATALOG_COMPILER_APPICON_NAME = AppIcon;
				ASSETCATALOG_COMPILER_GLOBAL_ACCENT_COLOR_NAME = AccentColor;
				CODE_SIGN_STYLE = Automatic;
				CURRENT_PROJECT_VERSION = 1;
				DEVELOPMENT_TEAM = 899S8YHUCE;
				GENERATE_INFOPLIST_FILE = YES;
				INFOPLIST_FILE = DemoApplication/Info.plist;
				INFOPLIST_KEY_UIApplicationSupportsIndirectInputEvents = YES;
				INFOPLIST_KEY_UILaunchStoryboardName = LaunchScreen;
				INFOPLIST_KEY_UIMainStoryboardFile = Main;
				INFOPLIST_KEY_UISupportedInterfaceOrientations_iPad = "UIInterfaceOrientationPortrait UIInterfaceOrientationPortraitUpsideDown UIInterfaceOrientationLandscapeLeft UIInterfaceOrientationLandscapeRight";
				INFOPLIST_KEY_UISupportedInterfaceOrientations_iPhone = "UIInterfaceOrientationPortrait UIInterfaceOrientationLandscapeLeft UIInterfaceOrientationLandscapeRight";
				IPHONEOS_DEPLOYMENT_TARGET = 13.0;
				LD_RUNPATH_SEARCH_PATHS = (
					"$(inherited)",
					"@executable_path/Frameworks",
				);
				MARKETING_VERSION = 1.0;
				PRODUCT_BUNDLE_IDENTIFIER = billpdev.DemoApplicationBlocks;
				PRODUCT_NAME = "$(TARGET_NAME)";
				SWIFT_EMIT_LOC_STRINGS = YES;
				SWIFT_VERSION = 5.0;
				TARGETED_DEVICE_FAMILY = "1,2";
			};
			name = Debug;
		};
		F3DC00BF2B73D92200217EB0 /* Release */ = {
			isa = XCBuildConfiguration;
			buildSettings = {
				ASSETCATALOG_COMPILER_APPICON_NAME = AppIcon;
				ASSETCATALOG_COMPILER_GLOBAL_ACCENT_COLOR_NAME = AccentColor;
				CODE_SIGN_STYLE = Automatic;
				CURRENT_PROJECT_VERSION = 1;
				DEVELOPMENT_TEAM = 899S8YHUCE;
				GENERATE_INFOPLIST_FILE = YES;
				INFOPLIST_FILE = DemoApplication/Info.plist;
				INFOPLIST_KEY_UIApplicationSupportsIndirectInputEvents = YES;
				INFOPLIST_KEY_UILaunchStoryboardName = LaunchScreen;
				INFOPLIST_KEY_UIMainStoryboardFile = Main;
				INFOPLIST_KEY_UISupportedInterfaceOrientations_iPad = "UIInterfaceOrientationPortrait UIInterfaceOrientationPortraitUpsideDown UIInterfaceOrientationLandscapeLeft UIInterfaceOrientationLandscapeRight";
				INFOPLIST_KEY_UISupportedInterfaceOrientations_iPhone = "UIInterfaceOrientationPortrait UIInterfaceOrientationLandscapeLeft UIInterfaceOrientationLandscapeRight";
				IPHONEOS_DEPLOYMENT_TARGET = 13.0;
				LD_RUNPATH_SEARCH_PATHS = (
					"$(inherited)",
					"@executable_path/Frameworks",
				);
				MARKETING_VERSION = 1.0;
				PRODUCT_BUNDLE_IDENTIFIER = billpdev.DemoApplicationBlocks;
				PRODUCT_NAME = "$(TARGET_NAME)";
				SWIFT_EMIT_LOC_STRINGS = YES;
				SWIFT_VERSION = 5.0;
				TARGETED_DEVICE_FAMILY = "1,2";
			};
			name = Release;
		};
/* End XCBuildConfiguration section */

/* Begin XCConfigurationList section */
		F3DC00A42B73D92100217EB0 /* Build configuration list for PBXProject "DemoApplication" */ = {
			isa = XCConfigurationList;
			buildConfigurations = (
				F3DC00BB2B73D92200217EB0 /* Debug */,
				F3DC00BC2B73D92200217EB0 /* Release */,
			);
			defaultConfigurationIsVisible = 0;
			defaultConfigurationName = Release;
		};
		F3DC00BD2B73D92200217EB0 /* Build configuration list for PBXNativeTarget "DemoApplication" */ = {
			isa = XCConfigurationList;
			buildConfigurations = (
				F3DC00BE2B73D92200217EB0 /* Debug */,
				F3DC00BF2B73D92200217EB0 /* Release */,
			);
			defaultConfigurationIsVisible = 0;
			defaultConfigurationName = Release;
		};
/* End XCConfigurationList section */

/* Begin XCLocalSwiftPackageReference section */
		F3EEC3F22B73DA0D00FF1595 /* XCLocalSwiftPackageReference ".." */ = {
			isa = XCLocalSwiftPackageReference;
			relativePath = ..;
		};
/* End XCLocalSwiftPackageReference section */

/* Begin XCSwiftPackageProductDependency section */
		F3EEC3F32B73DA0D00FF1595 /* Blocks */ = {
			isa = XCSwiftPackageProductDependency;
			productName = Blocks;
		};
/* End XCSwiftPackageProductDependency section */
	};
	rootObject = F3DC00A12B73D92100217EB0 /* Project object */;
}
