// !$*UTF8*$!
{
	archiveVersion = 1;
	classes = {
	};
	objectVersion = 55;
	objects = {

/* Begin PBXBuildFile section */
		2303DE1427863B1D00B17C0A /* TestComponentInvalidCell.swift in Sources */ = {isa = PBXBuildFile; fileRef = 2303DE1227863ACC00B17C0A /* TestComponentInvalidCell.swift */; };
		2303DE1627863CB700B17C0A /* TestComponentInvalidView.swift in Sources */ = {isa = PBXBuildFile; fileRef = 2303DE1527863CB700B17C0A /* TestComponentInvalidView.swift */; };
		23175BC6280555FA00D9D209 /* FlexibleHeightCellTests.swift in Sources */ = {isa = PBXBuildFile; fileRef = 23175BC5280555FA00D9D209 /* FlexibleHeightCellTests.swift */; };
		23175BC728057B2D00D9D209 /* SampleViewController.swift in Sources */ = {isa = PBXBuildFile; fileRef = 238F4EBD27946D1D00706E08 /* SampleViewController.swift */; };
		23332B9F27AC23FC0007493E /* Logger.swift in Sources */ = {isa = PBXBuildFile; fileRef = 23332B9E27AC23FC0007493E /* Logger.swift */; };
		234BCBB4279397F200DC77BA /* TestNibComponentViewModel.swift in Sources */ = {isa = PBXBuildFile; fileRef = 234BCBAC2793977300DC77BA /* TestNibComponentViewModel.swift */; };
		234BCBB5279397F500DC77BA /* TestNibComponentViewCell.swift in Sources */ = {isa = PBXBuildFile; fileRef = 234BCBB0279397B600DC77BA /* TestNibComponentViewCell.swift */; };
		234BCBB6279397F900DC77BA /* TestNibComponentViewCell.xib in Resources */ = {isa = PBXBuildFile; fileRef = 234BCBB1279397B600DC77BA /* TestNibComponentViewCell.xib */; };
		237E5949276FC8FB00E36E73 /* TestHeaderComponentViewModel.swift in Sources */ = {isa = PBXBuildFile; fileRef = 237E5944276FC19A00E36E73 /* TestHeaderComponentViewModel.swift */; };
		237E594A276FC8FE00E36E73 /* TestHeaderFooterView.swift in Sources */ = {isa = PBXBuildFile; fileRef = 237E5946276FC1D700E36E73 /* TestHeaderFooterView.swift */; };
		237E5962276FDCD400E36E73 /* BlocksError.swift in Sources */ = {isa = PBXBuildFile; fileRef = 237E5960276FDCCA00E36E73 /* BlocksError.swift */; };
		2388AA3427BE6025007EF24E /* DiffableDataSourceTests.swift in Sources */ = {isa = PBXBuildFile; fileRef = 2388AA3327BE6025007EF24E /* DiffableDataSourceTests.swift */; };
		239136812833E79E0066A579 /* SpacerCell.swift in Sources */ = {isa = PBXBuildFile; fileRef = 239136802833E79E0066A579 /* SpacerCell.swift */; };
		239136832834D40A0066A579 /* Spacer.swift in Sources */ = {isa = PBXBuildFile; fileRef = 239136822834D40A0066A579 /* Spacer.swift */; };
		23A85891279951A100019970 /* Collection+Block.swift in Sources */ = {isa = PBXBuildFile; fileRef = 23A85890279951A100019970 /* Collection+Block.swift */; };
		23AB4F8127933982003A324C /* ExtensionTests.swift in Sources */ = {isa = PBXBuildFile; fileRef = 23AB4F8027933982003A324C /* ExtensionTests.swift */; };
		23D82C1727651FEE00322193 /* Blocks.framework in Frameworks */ = {isa = PBXBuildFile; fileRef = 23D82C0C27651FED00322193 /* Blocks.framework */; };
		23D82C1C27651FEE00322193 /* TableViewRendererDataSourceTests.swift in Sources */ = {isa = PBXBuildFile; fileRef = 23D82C1B27651FEE00322193 /* TableViewRendererDataSourceTests.swift */; };
		23D82C272765209900322193 /* Blocks.h in Headers */ = {isa = PBXBuildFile; fileRef = 23D82C262765209900322193 /* Blocks.h */; settings = {ATTRIBUTES = (Public, ); }; };
		23D82C4627652D0A00322193 /* TableViewRendererProtocol.swift in Sources */ = {isa = PBXBuildFile; fileRef = 23D82C2A2765263000322193 /* TableViewRendererProtocol.swift */; };
		23D82C4727652D5800322193 /* Block.swift in Sources */ = {isa = PBXBuildFile; fileRef = 23D82C322765263000322193 /* Block.swift */; };
		23D82C4827652D5800322193 /* UITableView+FlexibleHeight.swift in Sources */ = {isa = PBXBuildFile; fileRef = 23D82C352765263000322193 /* UITableView+FlexibleHeight.swift */; };
		23D82C4B27652D5F00322193 /* FlexibleHeightCellProtocol.swift in Sources */ = {isa = PBXBuildFile; fileRef = 23D82C2E2765263000322193 /* FlexibleHeightCellProtocol.swift */; };
		23D82C4C27652D5F00322193 /* Component.swift in Sources */ = {isa = PBXBuildFile; fileRef = 23D82C302765263000322193 /* Component.swift */; };
		23D82C4E27652D5F00322193 /* TableViewRenderer.swift in Sources */ = {isa = PBXBuildFile; fileRef = 23D82C372765263000322193 /* TableViewRenderer.swift */; };
		23D82C502765445D00322193 /* Section.swift in Sources */ = {isa = PBXBuildFile; fileRef = 23D82C4F2765445D00322193 /* Section.swift */; };
		23D82C542765482B00322193 /* TestComponentViewModel.swift in Sources */ = {isa = PBXBuildFile; fileRef = 23D82C532765482B00322193 /* TestComponentViewModel.swift */; };
		23D82C562765488F00322193 /* TestComponentCell.swift in Sources */ = {isa = PBXBuildFile; fileRef = 23D82C552765488F00322193 /* TestComponentCell.swift */; };
		23E1A21E283B6A8800230874 /* TestHeaderComponentFlexibleHeightView.swift in Sources */ = {isa = PBXBuildFile; fileRef = 23E1A21D283B6A8800230874 /* TestHeaderComponentFlexibleHeightView.swift */; };
		23E1A220283B6A9F00230874 /* TestHeaderComponentFlexibleHeight.swift in Sources */ = {isa = PBXBuildFile; fileRef = 23E1A21F283B6A9F00230874 /* TestHeaderComponentFlexibleHeight.swift */; };
		F31D5DBF2B7E64000038EC69 /* ComponentViewConfigurable.swift in Sources */ = {isa = PBXBuildFile; fileRef = F31D5DBE2B7E64000038EC69 /* ComponentViewConfigurable.swift */; };
		F342E4D72B766BFD00C38360 /* TableViewRenderer+ViewHelpers.swift in Sources */ = {isa = PBXBuildFile; fileRef = F342E4D52B7667FA00C38360 /* TableViewRenderer+ViewHelpers.swift */; };
		F3A178DB2B8496FE00B53928 /* TableViewRenderer+DragDrop.swift in Sources */ = {isa = PBXBuildFile; fileRef = F3A178DA2B8496FE00B53928 /* TableViewRenderer+DragDrop.swift */; };
		F3A178DD2B84977D00B53928 /* TableViewRenderer+UITableViewDelegate.swift in Sources */ = {isa = PBXBuildFile; fileRef = F3A178DC2B84977D00B53928 /* TableViewRenderer+UITableViewDelegate.swift */; };
		F3A178DF2B849AF600B53928 /* DragViewMaskProperties.swift in Sources */ = {isa = PBXBuildFile; fileRef = F3A178DE2B849AF600B53928 /* DragViewMaskProperties.swift */; };
		F3A4872C2B84ED090016D220 /* DragDropInteractionTests.swift in Sources */ = {isa = PBXBuildFile; fileRef = F3A4872B2B84ED090016D220 /* DragDropInteractionTests.swift */; };
		F3A4872E2B84FA460016D220 /* MockedDragInteractionClasses.swift in Sources */ = {isa = PBXBuildFile; fileRef = F3A4872D2B84FA460016D220 /* MockedDragInteractionClasses.swift */; };
		F3AC40F82B7BFE3F00772127 /* SwiftUIHostingTableHeaderFooterView.swift in Sources */ = {isa = PBXBuildFile; fileRef = F3AC40F72B7BFE3F00772127 /* SwiftUIHostingTableHeaderFooterView.swift */; };
		F3AC41052B7BFF8600772127 /* TestViewComponent.swift in Sources */ = {isa = PBXBuildFile; fileRef = F3AC40FA2B7BFF8600772127 /* TestViewComponent.swift */; };
		F3AC41062B7BFF8600772127 /* TestView.swift in Sources */ = {isa = PBXBuildFile; fileRef = F3AC40FB2B7BFF8600772127 /* TestView.swift */; };
		F3AC41072B7BFF8600772127 /* ButtonViewCell.swift in Sources */ = {isa = PBXBuildFile; fileRef = F3AC40FD2B7BFF8600772127 /* ButtonViewCell.swift */; };
		F3AC41082B7BFF8600772127 /* MyButtonComponent.swift in Sources */ = {isa = PBXBuildFile; fileRef = F3AC40FE2B7BFF8600772127 /* MyButtonComponent.swift */; };
		F3AC41092B7BFF8600772127 /* MyHeaderFooterComponent.swift in Sources */ = {isa = PBXBuildFile; fileRef = F3AC41002B7BFF8600772127 /* MyHeaderFooterComponent.swift */; };
		F3AC410A2B7BFF8600772127 /* MyHeaderFooterView.swift in Sources */ = {isa = PBXBuildFile; fileRef = F3AC41012B7BFF8600772127 /* MyHeaderFooterView.swift */; };
		F3AC410B2B7BFF8600772127 /* LabelViewCell.swift in Sources */ = {isa = PBXBuildFile; fileRef = F3AC41032B7BFF8600772127 /* LabelViewCell.swift */; };
		F3AC410C2B7BFF8600772127 /* MyLabelComponent.swift in Sources */ = {isa = PBXBuildFile; fileRef = F3AC41042B7BFF8600772127 /* MyLabelComponent.swift */; };
		F3B6AC7E2B7BC26300E61F6A /* Object+Extensions.swift in Sources */ = {isa = PBXBuildFile; fileRef = F3B6AC7D2B7BC26300E61F6A /* Object+Extensions.swift */; };
		F3D5B16D2B7A67000080E3C4 /* SectionsTest.swift in Sources */ = {isa = PBXBuildFile; fileRef = F3D5B16B2B7A66C80080E3C4 /* SectionsTest.swift */; };
		F3D5B16F2B7B75090080E3C4 /* ComponentSwiftUIViewConfigurable.swift in Sources */ = {isa = PBXBuildFile; fileRef = F3D5B16E2B7B75090080E3C4 /* ComponentSwiftUIViewConfigurable.swift */; };
		F3D5B1712B7B761C0080E3C4 /* SwiftUIHostingTableViewCell.swift in Sources */ = {isa = PBXBuildFile; fileRef = F3D5B1702B7B761C0080E3C4 /* SwiftUIHostingTableViewCell.swift */; };
/* End PBXBuildFile section */

/* Begin PBXContainerItemProxy section */
		23D82C1827651FEE00322193 /* PBXContainerItemProxy */ = {
			isa = PBXContainerItemProxy;
			containerPortal = 23D82C0327651FED00322193 /* Project object */;
			proxyType = 1;
			remoteGlobalIDString = 23D82C0B27651FED00322193;
			remoteInfo = Blocks;
		};
/* End PBXContainerItemProxy section */

/* Begin PBXFileReference section */
		2303DE1227863ACC00B17C0A /* TestComponentInvalidCell.swift */ = {isa = PBXFileReference; lastKnownFileType = sourcecode.swift; path = TestComponentInvalidCell.swift; sourceTree = "<group>"; };
		2303DE1527863CB700B17C0A /* TestComponentInvalidView.swift */ = {isa = PBXFileReference; lastKnownFileType = sourcecode.swift; path = TestComponentInvalidView.swift; sourceTree = "<group>"; };
		23175BC5280555FA00D9D209 /* FlexibleHeightCellTests.swift */ = {isa = PBXFileReference; lastKnownFileType = sourcecode.swift; path = FlexibleHeightCellTests.swift; sourceTree = "<group>"; };
		23332B9E27AC23FC0007493E /* Logger.swift */ = {isa = PBXFileReference; lastKnownFileType = sourcecode.swift; path = Logger.swift; sourceTree = "<group>"; };
		234BCBAC2793977300DC77BA /* TestNibComponentViewModel.swift */ = {isa = PBXFileReference; lastKnownFileType = sourcecode.swift; path = TestNibComponentViewModel.swift; sourceTree = "<group>"; };
		234BCBB0279397B600DC77BA /* TestNibComponentViewCell.swift */ = {isa = PBXFileReference; lastKnownFileType = sourcecode.swift; path = TestNibComponentViewCell.swift; sourceTree = "<group>"; };
		234BCBB1279397B600DC77BA /* TestNibComponentViewCell.xib */ = {isa = PBXFileReference; lastKnownFileType = file.xib; path = TestNibComponentViewCell.xib; sourceTree = "<group>"; };
		235982A9276FBB9300FF0AA6 /* Package.swift */ = {isa = PBXFileReference; fileEncoding = 4; lastKnownFileType = sourcecode.swift; path = Package.swift; sourceTree = SOURCE_ROOT; };
		237E5944276FC19A00E36E73 /* TestHeaderComponentViewModel.swift */ = {isa = PBXFileReference; lastKnownFileType = sourcecode.swift; path = TestHeaderComponentViewModel.swift; sourceTree = "<group>"; };
		237E5946276FC1D700E36E73 /* TestHeaderFooterView.swift */ = {isa = PBXFileReference; lastKnownFileType = sourcecode.swift; path = TestHeaderFooterView.swift; sourceTree = "<group>"; };
		237E5960276FDCCA00E36E73 /* BlocksError.swift */ = {isa = PBXFileReference; lastKnownFileType = sourcecode.swift; path = BlocksError.swift; sourceTree = "<group>"; };
		2388AA3327BE6025007EF24E /* DiffableDataSourceTests.swift */ = {isa = PBXFileReference; lastKnownFileType = sourcecode.swift; path = DiffableDataSourceTests.swift; sourceTree = "<group>"; };
		238F4EBD27946D1D00706E08 /* SampleViewController.swift */ = {isa = PBXFileReference; lastKnownFileType = sourcecode.swift; path = SampleViewController.swift; sourceTree = "<group>"; };
		239136802833E79E0066A579 /* SpacerCell.swift */ = {isa = PBXFileReference; lastKnownFileType = sourcecode.swift; path = SpacerCell.swift; sourceTree = "<group>"; };
		239136822834D40A0066A579 /* Spacer.swift */ = {isa = PBXFileReference; lastKnownFileType = sourcecode.swift; path = Spacer.swift; sourceTree = "<group>"; };
		23A85890279951A100019970 /* Collection+Block.swift */ = {isa = PBXFileReference; lastKnownFileType = sourcecode.swift; path = "Collection+Block.swift"; sourceTree = "<group>"; };
		23AB4F8027933982003A324C /* ExtensionTests.swift */ = {isa = PBXFileReference; lastKnownFileType = sourcecode.swift; path = ExtensionTests.swift; sourceTree = "<group>"; };
		23D82C0C27651FED00322193 /* Blocks.framework */ = {isa = PBXFileReference; explicitFileType = wrapper.framework; includeInIndex = 0; path = Blocks.framework; sourceTree = BUILT_PRODUCTS_DIR; };
		23D82C1627651FEE00322193 /* BlocksTests.xctest */ = {isa = PBXFileReference; explicitFileType = wrapper.cfbundle; includeInIndex = 0; path = BlocksTests.xctest; sourceTree = BUILT_PRODUCTS_DIR; };
		23D82C1B27651FEE00322193 /* TableViewRendererDataSourceTests.swift */ = {isa = PBXFileReference; lastKnownFileType = sourcecode.swift; path = TableViewRendererDataSourceTests.swift; sourceTree = "<group>"; };
		23D82C262765209900322193 /* Blocks.h */ = {isa = PBXFileReference; fileEncoding = 4; lastKnownFileType = sourcecode.c.h; path = Blocks.h; sourceTree = "<group>"; };
		23D82C2A2765263000322193 /* TableViewRendererProtocol.swift */ = {isa = PBXFileReference; fileEncoding = 4; lastKnownFileType = sourcecode.swift; path = TableViewRendererProtocol.swift; sourceTree = "<group>"; };
		23D82C2E2765263000322193 /* FlexibleHeightCellProtocol.swift */ = {isa = PBXFileReference; fileEncoding = 4; lastKnownFileType = sourcecode.swift; path = FlexibleHeightCellProtocol.swift; sourceTree = "<group>"; };
		23D82C302765263000322193 /* Component.swift */ = {isa = PBXFileReference; fileEncoding = 4; lastKnownFileType = sourcecode.swift; path = Component.swift; sourceTree = "<group>"; };
		23D82C322765263000322193 /* Block.swift */ = {isa = PBXFileReference; fileEncoding = 4; lastKnownFileType = sourcecode.swift; path = Block.swift; sourceTree = "<group>"; };
		23D82C352765263000322193 /* UITableView+FlexibleHeight.swift */ = {isa = PBXFileReference; fileEncoding = 4; lastKnownFileType = sourcecode.swift; path = "UITableView+FlexibleHeight.swift"; sourceTree = "<group>"; };
		23D82C372765263000322193 /* TableViewRenderer.swift */ = {isa = PBXFileReference; fileEncoding = 4; lastKnownFileType = sourcecode.swift; path = TableViewRenderer.swift; sourceTree = "<group>"; };
		23D82C4F2765445D00322193 /* Section.swift */ = {isa = PBXFileReference; lastKnownFileType = sourcecode.swift; path = Section.swift; sourceTree = "<group>"; };
		23D82C532765482B00322193 /* TestComponentViewModel.swift */ = {isa = PBXFileReference; lastKnownFileType = sourcecode.swift; path = TestComponentViewModel.swift; sourceTree = "<group>"; };
		23D82C552765488F00322193 /* TestComponentCell.swift */ = {isa = PBXFileReference; lastKnownFileType = sourcecode.swift; path = TestComponentCell.swift; sourceTree = "<group>"; };
		23E1A21D283B6A8800230874 /* TestHeaderComponentFlexibleHeightView.swift */ = {isa = PBXFileReference; lastKnownFileType = sourcecode.swift; path = TestHeaderComponentFlexibleHeightView.swift; sourceTree = "<group>"; };
		23E1A21F283B6A9F00230874 /* TestHeaderComponentFlexibleHeight.swift */ = {isa = PBXFileReference; lastKnownFileType = sourcecode.swift; path = TestHeaderComponentFlexibleHeight.swift; sourceTree = "<group>"; };
		F31D5DBE2B7E64000038EC69 /* ComponentViewConfigurable.swift */ = {isa = PBXFileReference; fileEncoding = 4; lastKnownFileType = sourcecode.swift; path = ComponentViewConfigurable.swift; sourceTree = "<group>"; };
		F342E4D52B7667FA00C38360 /* TableViewRenderer+ViewHelpers.swift */ = {isa = PBXFileReference; lastKnownFileType = sourcecode.swift; path = "TableViewRenderer+ViewHelpers.swift"; sourceTree = "<group>"; };
		F3A178DA2B8496FE00B53928 /* TableViewRenderer+DragDrop.swift */ = {isa = PBXFileReference; lastKnownFileType = sourcecode.swift; path = "TableViewRenderer+DragDrop.swift"; sourceTree = "<group>"; };
		F3A178DC2B84977D00B53928 /* TableViewRenderer+UITableViewDelegate.swift */ = {isa = PBXFileReference; lastKnownFileType = sourcecode.swift; path = "TableViewRenderer+UITableViewDelegate.swift"; sourceTree = "<group>"; };
		F3A178DE2B849AF600B53928 /* DragViewMaskProperties.swift */ = {isa = PBXFileReference; lastKnownFileType = sourcecode.swift; path = DragViewMaskProperties.swift; sourceTree = "<group>"; };
		F3A4872B2B84ED090016D220 /* DragDropInteractionTests.swift */ = {isa = PBXFileReference; fileEncoding = 4; lastKnownFileType = sourcecode.swift; path = DragDropInteractionTests.swift; sourceTree = "<group>"; };
		F3A4872D2B84FA460016D220 /* MockedDragInteractionClasses.swift */ = {isa = PBXFileReference; lastKnownFileType = sourcecode.swift; path = MockedDragInteractionClasses.swift; sourceTree = "<group>"; };
		F3AC40F72B7BFE3F00772127 /* SwiftUIHostingTableHeaderFooterView.swift */ = {isa = PBXFileReference; fileEncoding = 4; lastKnownFileType = sourcecode.swift; path = SwiftUIHostingTableHeaderFooterView.swift; sourceTree = "<group>"; };
		F3AC40FA2B7BFF8600772127 /* TestViewComponent.swift */ = {isa = PBXFileReference; fileEncoding = 4; lastKnownFileType = sourcecode.swift; path = TestViewComponent.swift; sourceTree = "<group>"; };
		F3AC40FB2B7BFF8600772127 /* TestView.swift */ = {isa = PBXFileReference; fileEncoding = 4; lastKnownFileType = sourcecode.swift; path = TestView.swift; sourceTree = "<group>"; };
		F3AC40FD2B7BFF8600772127 /* ButtonViewCell.swift */ = {isa = PBXFileReference; fileEncoding = 4; lastKnownFileType = sourcecode.swift; path = ButtonViewCell.swift; sourceTree = "<group>"; };
		F3AC40FE2B7BFF8600772127 /* MyButtonComponent.swift */ = {isa = PBXFileReference; fileEncoding = 4; lastKnownFileType = sourcecode.swift; path = MyButtonComponent.swift; sourceTree = "<group>"; };
		F3AC41002B7BFF8600772127 /* MyHeaderFooterComponent.swift */ = {isa = PBXFileReference; fileEncoding = 4; lastKnownFileType = sourcecode.swift; path = MyHeaderFooterComponent.swift; sourceTree = "<group>"; };
		F3AC41012B7BFF8600772127 /* MyHeaderFooterView.swift */ = {isa = PBXFileReference; fileEncoding = 4; lastKnownFileType = sourcecode.swift; path = MyHeaderFooterView.swift; sourceTree = "<group>"; };
		F3AC41032B7BFF8600772127 /* LabelViewCell.swift */ = {isa = PBXFileReference; fileEncoding = 4; lastKnownFileType = sourcecode.swift; path = LabelViewCell.swift; sourceTree = "<group>"; };
		F3AC41042B7BFF8600772127 /* MyLabelComponent.swift */ = {isa = PBXFileReference; fileEncoding = 4; lastKnownFileType = sourcecode.swift; path = MyLabelComponent.swift; sourceTree = "<group>"; };
		F3B6AC7D2B7BC26300E61F6A /* Object+Extensions.swift */ = {isa = PBXFileReference; fileEncoding = 4; lastKnownFileType = sourcecode.swift; path = "Object+Extensions.swift"; sourceTree = "<group>"; };
		F3D5B16B2B7A66C80080E3C4 /* SectionsTest.swift */ = {isa = PBXFileReference; fileEncoding = 4; lastKnownFileType = sourcecode.swift; path = SectionsTest.swift; sourceTree = "<group>"; };
		F3D5B16E2B7B75090080E3C4 /* ComponentSwiftUIViewConfigurable.swift */ = {isa = PBXFileReference; fileEncoding = 4; lastKnownFileType = sourcecode.swift; path = ComponentSwiftUIViewConfigurable.swift; sourceTree = "<group>"; };
		F3D5B1702B7B761C0080E3C4 /* SwiftUIHostingTableViewCell.swift */ = {isa = PBXFileReference; lastKnownFileType = sourcecode.swift; path = SwiftUIHostingTableViewCell.swift; sourceTree = "<group>"; };
/* End PBXFileReference section */

/* Begin PBXFrameworksBuildPhase section */
		23D82C0927651FED00322193 /* Frameworks */ = {
			isa = PBXFrameworksBuildPhase;
			buildActionMask = 2147483647;
			files = (
			);
			runOnlyForDeploymentPostprocessing = 0;
		};
		23D82C1327651FEE00322193 /* Frameworks */ = {
			isa = PBXFrameworksBuildPhase;
			buildActionMask = 2147483647;
			files = (
				23D82C1727651FEE00322193 /* Blocks.framework in Frameworks */,
			);
			runOnlyForDeploymentPostprocessing = 0;
		};
/* End PBXFrameworksBuildPhase section */

/* Begin PBXGroup section */
		2303DE0F27863ABD00B17C0A /* Valid */ = {
			isa = PBXGroup;
			children = (
				234BCBAF2793978000DC77BA /* Class */,
				234BCBAE2793977800DC77BA /* Nib */,
			);
			path = Valid;
			sourceTree = "<group>";
		};
		2303DE1027863AC400B17C0A /* Invalid */ = {
			isa = PBXGroup;
			children = (
				2303DE1527863CB700B17C0A /* TestComponentInvalidView.swift */,
				2303DE1227863ACC00B17C0A /* TestComponentInvalidCell.swift */,
			);
			path = Invalid;
			sourceTree = "<group>";
		};
		234BCBAE2793977800DC77BA /* Nib */ = {
			isa = PBXGroup;
			children = (
				234BCBAC2793977300DC77BA /* TestNibComponentViewModel.swift */,
				234BCBB0279397B600DC77BA /* TestNibComponentViewCell.swift */,
				234BCBB1279397B600DC77BA /* TestNibComponentViewCell.xib */,
			);
			path = Nib;
			sourceTree = "<group>";
		};
		234BCBAF2793978000DC77BA /* Class */ = {
			isa = PBXGroup;
			children = (
				23D82C532765482B00322193 /* TestComponentViewModel.swift */,
				23D82C552765488F00322193 /* TestComponentCell.swift */,
			);
			path = Class;
			sourceTree = "<group>";
		};
		237E5941276FC16100E36E73 /* Cells */ = {
			isa = PBXGroup;
			children = (
				2303DE1027863AC400B17C0A /* Invalid */,
				2303DE0F27863ABD00B17C0A /* Valid */,
			);
			path = Cells;
			sourceTree = "<group>";
		};
		237E5942276FC16C00E36E73 /* HeaderFooters */ = {
			isa = PBXGroup;
			children = (
				237E594B276FC9D800E36E73 /* Valid */,
			);
			path = HeaderFooters;
			sourceTree = "<group>";
		};
		237E594B276FC9D800E36E73 /* Valid */ = {
			isa = PBXGroup;
			children = (
				237E5944276FC19A00E36E73 /* TestHeaderComponentViewModel.swift */,
				237E5946276FC1D700E36E73 /* TestHeaderFooterView.swift */,
				23E1A21D283B6A8800230874 /* TestHeaderComponentFlexibleHeightView.swift */,
				23E1A21F283B6A9F00230874 /* TestHeaderComponentFlexibleHeight.swift */,
			);
			path = Valid;
			sourceTree = "<group>";
		};
		238F4EBC27946CA100706E08 /* Misc */ = {
			isa = PBXGroup;
			children = (
				238F4EBD27946D1D00706E08 /* SampleViewController.swift */,
				F3A4872D2B84FA460016D220 /* MockedDragInteractionClasses.swift */,
			);
			path = Misc;
			sourceTree = "<group>";
		};
		2390A108276FBA4600EFD92C /* Supporting Files */ = {
			isa = PBXGroup;
			children = (
				235982A9276FBB9300FF0AA6 /* Package.swift */,
			);
			name = "Supporting Files";
			sourceTree = "<group>";
		};
		2391367F2833E7710066A579 /* Components */ = {
			isa = PBXGroup;
			children = (
				239136802833E79E0066A579 /* SpacerCell.swift */,
				239136822834D40A0066A579 /* Spacer.swift */,
			);
			path = Components;
			sourceTree = "<group>";
		};
		23D82C0227651FED00322193 = {
			isa = PBXGroup;
			children = (
				23D82C0E27651FED00322193 /* Blocks */,
				23D82C1A27651FEE00322193 /* Tests */,
				23D82C0D27651FED00322193 /* Products */,
			);
			sourceTree = "<group>";
		};
		23D82C0D27651FED00322193 /* Products */ = {
			isa = PBXGroup;
			children = (
				23D82C0C27651FED00322193 /* Blocks.framework */,
				23D82C1627651FEE00322193 /* BlocksTests.xctest */,
			);
			name = Products;
			sourceTree = "<group>";
		};
		23D82C0E27651FED00322193 /* Blocks */ = {
			isa = PBXGroup;
			children = (
				23D82C28276520DF00322193 /* Source */,
				2390A108276FBA4600EFD92C /* Supporting Files */,
				23D82C262765209900322193 /* Blocks.h */,
			);
			path = Blocks;
			sourceTree = "<group>";
		};
		23D82C1A27651FEE00322193 /* Tests */ = {
			isa = PBXGroup;
			children = (
				23D82C52276546C000322193 /* Components */,
				238F4EBC27946CA100706E08 /* Misc */,
				23AB4F8027933982003A324C /* ExtensionTests.swift */,
				23D82C1B27651FEE00322193 /* TableViewRendererDataSourceTests.swift */,
				2388AA3327BE6025007EF24E /* DiffableDataSourceTests.swift */,
				23175BC5280555FA00D9D209 /* FlexibleHeightCellTests.swift */,
				F3D5B16B2B7A66C80080E3C4 /* SectionsTest.swift */,
				F3A4872B2B84ED090016D220 /* DragDropInteractionTests.swift */,
			);
			path = Tests;
			sourceTree = "<group>";
		};
		23D82C28276520DF00322193 /* Source */ = {
			isa = PBXGroup;
			children = (
				23332B9E27AC23FC0007493E /* Logger.swift */,
				237E5960276FDCCA00E36E73 /* BlocksError.swift */,
				23D82C342765263000322193 /* Extensions */,
				23D82C312765263000322193 /* Models */,
				23D82C292765263000322193 /* Protocols */,
				F3D5B1722B7B76330080E3C4 /* Views */,
				23D82C362765263000322193 /* Renderers */,
				2391367F2833E7710066A579 /* Components */,
			);
			path = Source;
			sourceTree = SOURCE_ROOT;
		};
		23D82C292765263000322193 /* Protocols */ = {
			isa = PBXGroup;
			children = (
				23D82C302765263000322193 /* Component.swift */,
				F3D5B16E2B7B75090080E3C4 /* ComponentSwiftUIViewConfigurable.swift */,
				23D82C2A2765263000322193 /* TableViewRendererProtocol.swift */,
				23D82C2E2765263000322193 /* FlexibleHeightCellProtocol.swift */,
				F31D5DBE2B7E64000038EC69 /* ComponentViewConfigurable.swift */,
			);
			path = Protocols;
			sourceTree = "<group>";
		};
		23D82C312765263000322193 /* Models */ = {
			isa = PBXGroup;
			children = (
				23D82C4F2765445D00322193 /* Section.swift */,
				23D82C322765263000322193 /* Block.swift */,
				F3A178DE2B849AF600B53928 /* DragViewMaskProperties.swift */,
			);
			path = Models;
			sourceTree = "<group>";
		};
		23D82C342765263000322193 /* Extensions */ = {
			isa = PBXGroup;
			children = (
				F3B6AC7D2B7BC26300E61F6A /* Object+Extensions.swift */,
				23D82C352765263000322193 /* UITableView+FlexibleHeight.swift */,
				23A85890279951A100019970 /* Collection+Block.swift */,
				F342E4D52B7667FA00C38360 /* TableViewRenderer+ViewHelpers.swift */,
				F3A178DA2B8496FE00B53928 /* TableViewRenderer+DragDrop.swift */,
				F3A178DC2B84977D00B53928 /* TableViewRenderer+UITableViewDelegate.swift */,
			);
			path = Extensions;
			sourceTree = "<group>";
		};
		23D82C362765263000322193 /* Renderers */ = {
			isa = PBXGroup;
			children = (
				23D82C372765263000322193 /* TableViewRenderer.swift */,
			);
			path = Renderers;
			sourceTree = "<group>";
		};
		23D82C52276546C000322193 /* Components */ = {
			isa = PBXGroup;
			children = (
				F3AC40FC2B7BFF8600772127 /* MyButton */,
				F3AC40FF2B7BFF8600772127 /* MyHeaderFooter */,
				F3AC41022B7BFF8600772127 /* MyLabel */,
				F3AC40F92B7BFF8600772127 /* SwiftUIComponent */,
				237E5942276FC16C00E36E73 /* HeaderFooters */,
				237E5941276FC16100E36E73 /* Cells */,
			);
			path = Components;
			sourceTree = "<group>";
		};
		F3AC40F92B7BFF8600772127 /* SwiftUIComponent */ = {
			isa = PBXGroup;
			children = (
				F3AC40FA2B7BFF8600772127 /* TestViewComponent.swift */,
				F3AC40FB2B7BFF8600772127 /* TestView.swift */,
			);
			path = SwiftUIComponent;
			sourceTree = "<group>";
		};
		F3AC40FC2B7BFF8600772127 /* MyButton */ = {
			isa = PBXGroup;
			children = (
				F3AC40FD2B7BFF8600772127 /* ButtonViewCell.swift */,
				F3AC40FE2B7BFF8600772127 /* MyButtonComponent.swift */,
			);
			path = MyButton;
			sourceTree = "<group>";
		};
		F3AC40FF2B7BFF8600772127 /* MyHeaderFooter */ = {
			isa = PBXGroup;
			children = (
				F3AC41002B7BFF8600772127 /* MyHeaderFooterComponent.swift */,
				F3AC41012B7BFF8600772127 /* MyHeaderFooterView.swift */,
			);
			path = MyHeaderFooter;
			sourceTree = "<group>";
		};
		F3AC41022B7BFF8600772127 /* MyLabel */ = {
			isa = PBXGroup;
			children = (
				F3AC41032B7BFF8600772127 /* LabelViewCell.swift */,
				F3AC41042B7BFF8600772127 /* MyLabelComponent.swift */,
			);
			path = MyLabel;
			sourceTree = "<group>";
		};
		F3D5B1722B7B76330080E3C4 /* Views */ = {
			isa = PBXGroup;
			children = (
				F3D5B1702B7B761C0080E3C4 /* SwiftUIHostingTableViewCell.swift */,
				F3AC40F72B7BFE3F00772127 /* SwiftUIHostingTableHeaderFooterView.swift */,
			);
			path = Views;
			sourceTree = "<group>";
		};
/* End PBXGroup section */

/* Begin PBXHeadersBuildPhase section */
		23D82C0727651FED00322193 /* Headers */ = {
			isa = PBXHeadersBuildPhase;
			buildActionMask = 2147483647;
			files = (
				23D82C272765209900322193 /* Blocks.h in Headers */,
			);
			runOnlyForDeploymentPostprocessing = 0;
		};
/* End PBXHeadersBuildPhase section */

/* Begin PBXNativeTarget section */
		23D82C0B27651FED00322193 /* Blocks */ = {
			isa = PBXNativeTarget;
			buildConfigurationList = 23D82C2027651FEE00322193 /* Build configuration list for PBXNativeTarget "Blocks" */;
			buildPhases = (
				23D82C0727651FED00322193 /* Headers */,
				23D82C0827651FED00322193 /* Sources */,
				23D82C0927651FED00322193 /* Frameworks */,
				23D82C0A27651FED00322193 /* Resources */,
				237E5948276FC42F00E36E73 /* SwiftLint */,
			);
			buildRules = (
			);
			dependencies = (
			);
			name = Blocks;
			packageProductDependencies = (
			);
			productName = Blocks;
			productReference = 23D82C0C27651FED00322193 /* Blocks.framework */;
			productType = "com.apple.product-type.framework";
		};
		23D82C1527651FEE00322193 /* BlocksTests */ = {
			isa = PBXNativeTarget;
			buildConfigurationList = 23D82C2327651FEE00322193 /* Build configuration list for PBXNativeTarget "BlocksTests" */;
			buildPhases = (
				23D82C1227651FEE00322193 /* Sources */,
				23D82C1327651FEE00322193 /* Frameworks */,
				23D82C1427651FEE00322193 /* Resources */,
				2362336A2786F65300375A69 /* ShellScript */,
			);
			buildRules = (
			);
			dependencies = (
				23D82C1927651FEE00322193 /* PBXTargetDependency */,
			);
			name = BlocksTests;
			productName = BlocksTests;
			productReference = 23D82C1627651FEE00322193 /* BlocksTests.xctest */;
			productType = "com.apple.product-type.bundle.unit-test";
		};
/* End PBXNativeTarget section */

/* Begin PBXProject section */
		23D82C0327651FED00322193 /* Project object */ = {
			isa = PBXProject;
			attributes = {
				BuildIndependentTargetsInParallel = 1;
				LastSwiftUpdateCheck = 1310;
				LastUpgradeCheck = 1520;
				TargetAttributes = {
					23D82C0B27651FED00322193 = {
						CreatedOnToolsVersion = 13.1;
					};
					23D82C1527651FEE00322193 = {
						CreatedOnToolsVersion = 13.1;
					};
				};
			};
			buildConfigurationList = 23D82C0627651FED00322193 /* Build configuration list for PBXProject "Blocks" */;
			compatibilityVersion = "Xcode 13.0";
			developmentRegion = en;
			hasScannedForEncodings = 0;
			knownRegions = (
				en,
				Base,
			);
			mainGroup = 23D82C0227651FED00322193;
			packageReferences = (
			);
			productRefGroup = 23D82C0D27651FED00322193 /* Products */;
			projectDirPath = "";
			projectRoot = "";
			targets = (
				23D82C0B27651FED00322193 /* Blocks */,
				23D82C1527651FEE00322193 /* BlocksTests */,
			);
		};
/* End PBXProject section */

/* Begin PBXResourcesBuildPhase section */
		23D82C0A27651FED00322193 /* Resources */ = {
			isa = PBXResourcesBuildPhase;
			buildActionMask = 2147483647;
			files = (
			);
			runOnlyForDeploymentPostprocessing = 0;
		};
		23D82C1427651FEE00322193 /* Resources */ = {
			isa = PBXResourcesBuildPhase;
			buildActionMask = 2147483647;
			files = (
				234BCBB6279397F900DC77BA /* TestNibComponentViewCell.xib in Resources */,
			);
			runOnlyForDeploymentPostprocessing = 0;
		};
/* End PBXResourcesBuildPhase section */

/* Begin PBXShellScriptBuildPhase section */
		2362336A2786F65300375A69 /* ShellScript */ = {
			isa = PBXShellScriptBuildPhase;
			alwaysOutOfDate = 1;
			buildActionMask = 2147483647;
			files = (
			);
			inputFileListPaths = (
			);
			inputPaths = (
			);
			outputFileListPaths = (
			);
			outputPaths = (
			);
			runOnlyForDeploymentPostprocessing = 0;
			shellPath = /bin/sh;
			shellScript = "export PATH=\"/opt/homebrew/bin:$PATH\"\nif which swiftlint >/dev/null; then\n  swiftlint --strict --config \"$SRCROOT/.swiftlint.yml\"\nelse\n  echo \"warning: SwiftLint not installed, download from https://github.com/realm/SwiftLint\"\nfi\n";
		};
		237E5948276FC42F00E36E73 /* SwiftLint */ = {
			isa = PBXShellScriptBuildPhase;
			alwaysOutOfDate = 1;
			buildActionMask = 2147483647;
			files = (
			);
			inputFileListPaths = (
			);
			inputPaths = (
			);
			name = SwiftLint;
			outputFileListPaths = (
			);
			outputPaths = (
			);
			runOnlyForDeploymentPostprocessing = 0;
			shellPath = /bin/sh;
			shellScript = "export PATH=\"/opt/homebrew/bin:$PATH\"\nif which swiftlint >/dev/null; then\n  swiftlint --strict --config \"$SRCROOT/.swiftlint.yml\"\nelse\n  echo \"warning: SwiftLint not installed, download from https://github.com/realm/SwiftLint\"\nfi\n";
		};
/* End PBXShellScriptBuildPhase section */

/* Begin PBXSourcesBuildPhase section */
		23D82C0827651FED00322193 /* Sources */ = {
			isa = PBXSourcesBuildPhase;
			buildActionMask = 2147483647;
			files = (
				F3AC410C2B7BFF8600772127 /* MyLabelComponent.swift in Sources */,
				23D82C4C27652D5F00322193 /* Component.swift in Sources */,
				23D82C4E27652D5F00322193 /* TableViewRenderer.swift in Sources */,
				F31D5DBF2B7E64000038EC69 /* ComponentViewConfigurable.swift in Sources */,
				F3AC41072B7BFF8600772127 /* ButtonViewCell.swift in Sources */,
				F3A178DB2B8496FE00B53928 /* TableViewRenderer+DragDrop.swift in Sources */,
				23D82C4727652D5800322193 /* Block.swift in Sources */,
				F3D5B16F2B7B75090080E3C4 /* ComponentSwiftUIViewConfigurable.swift in Sources */,
				F3A178DF2B849AF600B53928 /* DragViewMaskProperties.swift in Sources */,
				23D82C502765445D00322193 /* Section.swift in Sources */,
				23A85891279951A100019970 /* Collection+Block.swift in Sources */,
				F3AC410B2B7BFF8600772127 /* LabelViewCell.swift in Sources */,
				F3A178DD2B84977D00B53928 /* TableViewRenderer+UITableViewDelegate.swift in Sources */,
				F3D5B1712B7B761C0080E3C4 /* SwiftUIHostingTableViewCell.swift in Sources */,
				239136812833E79E0066A579 /* SpacerCell.swift in Sources */,
				23D82C4627652D0A00322193 /* TableViewRendererProtocol.swift in Sources */,
				F3AC40F82B7BFE3F00772127 /* SwiftUIHostingTableHeaderFooterView.swift in Sources */,
				F3AC41082B7BFF8600772127 /* MyButtonComponent.swift in Sources */,
				F3AC410A2B7BFF8600772127 /* MyHeaderFooterView.swift in Sources */,
				23332B9F27AC23FC0007493E /* Logger.swift in Sources */,
				F342E4D72B766BFD00C38360 /* TableViewRenderer+ViewHelpers.swift in Sources */,
				23D82C4827652D5800322193 /* UITableView+FlexibleHeight.swift in Sources */,
				23D82C4B27652D5F00322193 /* FlexibleHeightCellProtocol.swift in Sources */,
				239136832834D40A0066A579 /* Spacer.swift in Sources */,
				F3AC41062B7BFF8600772127 /* TestView.swift in Sources */,
				F3B6AC7E2B7BC26300E61F6A /* Object+Extensions.swift in Sources */,
				237E5962276FDCD400E36E73 /* BlocksError.swift in Sources */,
				F3AC41092B7BFF8600772127 /* MyHeaderFooterComponent.swift in Sources */,
				F3AC41052B7BFF8600772127 /* TestViewComponent.swift in Sources */,
			);
			runOnlyForDeploymentPostprocessing = 0;
		};
		23D82C1227651FEE00322193 /* Sources */ = {
			isa = PBXSourcesBuildPhase;
			buildActionMask = 2147483647;
			files = (
				237E594A276FC8FE00E36E73 /* TestHeaderFooterView.swift in Sources */,
				F3A4872C2B84ED090016D220 /* DragDropInteractionTests.swift in Sources */,
				23D82C542765482B00322193 /* TestComponentViewModel.swift in Sources */,
				237E5949276FC8FB00E36E73 /* TestHeaderComponentViewModel.swift in Sources */,
				F3A4872E2B84FA460016D220 /* MockedDragInteractionClasses.swift in Sources */,
				23175BC6280555FA00D9D209 /* FlexibleHeightCellTests.swift in Sources */,
				23D82C562765488F00322193 /* TestComponentCell.swift in Sources */,
				F3D5B16D2B7A67000080E3C4 /* SectionsTest.swift in Sources */,
				234BCBB4279397F200DC77BA /* TestNibComponentViewModel.swift in Sources */,
				23E1A220283B6A9F00230874 /* TestHeaderComponentFlexibleHeight.swift in Sources */,
				2303DE1627863CB700B17C0A /* TestComponentInvalidView.swift in Sources */,
				23175BC728057B2D00D9D209 /* SampleViewController.swift in Sources */,
				23D82C1C27651FEE00322193 /* TableViewRendererDataSourceTests.swift in Sources */,
				23AB4F8127933982003A324C /* ExtensionTests.swift in Sources */,
				2303DE1427863B1D00B17C0A /* TestComponentInvalidCell.swift in Sources */,
				2388AA3427BE6025007EF24E /* DiffableDataSourceTests.swift in Sources */,
				234BCBB5279397F500DC77BA /* TestNibComponentViewCell.swift in Sources */,
				23E1A21E283B6A8800230874 /* TestHeaderComponentFlexibleHeightView.swift in Sources */,
			);
			runOnlyForDeploymentPostprocessing = 0;
		};
/* End PBXSourcesBuildPhase section */

/* Begin PBXTargetDependency section */
		23D82C1927651FEE00322193 /* PBXTargetDependency */ = {
			isa = PBXTargetDependency;
			target = 23D82C0B27651FED00322193 /* Blocks */;
			targetProxy = 23D82C1827651FEE00322193 /* PBXContainerItemProxy */;
		};
/* End PBXTargetDependency section */

/* Begin XCBuildConfiguration section */
		23D82C1E27651FEE00322193 /* Debug */ = {
			isa = XCBuildConfiguration;
			buildSettings = {
				ALWAYS_SEARCH_USER_PATHS = NO;
				CLANG_ANALYZER_NONNULL = YES;
				CLANG_ANALYZER_NUMBER_OBJECT_CONVERSION = YES_AGGRESSIVE;
				CLANG_CXX_LANGUAGE_STANDARD = "gnu++17";
				CLANG_CXX_LIBRARY = "libc++";
				CLANG_ENABLE_MODULES = YES;
				CLANG_ENABLE_OBJC_ARC = YES;
				CLANG_ENABLE_OBJC_WEAK = YES;
				CLANG_WARN_BLOCK_CAPTURE_AUTORELEASING = YES;
				CLANG_WARN_BOOL_CONVERSION = YES;
				CLANG_WARN_COMMA = YES;
				CLANG_WARN_CONSTANT_CONVERSION = YES;
				CLANG_WARN_DEPRECATED_OBJC_IMPLEMENTATIONS = YES;
				CLANG_WARN_DIRECT_OBJC_ISA_USAGE = YES_ERROR;
				CLANG_WARN_DOCUMENTATION_COMMENTS = YES;
				CLANG_WARN_EMPTY_BODY = YES;
				CLANG_WARN_ENUM_CONVERSION = YES;
				CLANG_WARN_INFINITE_RECURSION = YES;
				CLANG_WARN_INT_CONVERSION = YES;
				CLANG_WARN_NON_LITERAL_NULL_CONVERSION = YES;
				CLANG_WARN_OBJC_IMPLICIT_RETAIN_SELF = YES;
				CLANG_WARN_OBJC_LITERAL_CONVERSION = YES;
				CLANG_WARN_OBJC_ROOT_CLASS = YES_ERROR;
				CLANG_WARN_QUOTED_INCLUDE_IN_FRAMEWORK_HEADER = YES;
				CLANG_WARN_RANGE_LOOP_ANALYSIS = YES;
				CLANG_WARN_STRICT_PROTOTYPES = YES;
				CLANG_WARN_SUSPICIOUS_MOVE = YES;
				CLANG_WARN_UNGUARDED_AVAILABILITY = YES_AGGRESSIVE;
				CLANG_WARN_UNREACHABLE_CODE = YES;
				CLANG_WARN__DUPLICATE_METHOD_MATCH = YES;
				COPY_PHASE_STRIP = NO;
				CURRENT_PROJECT_VERSION = 1;
				DEBUG_INFORMATION_FORMAT = dwarf;
				ENABLE_STRICT_OBJC_MSGSEND = YES;
				ENABLE_TESTABILITY = YES;
				ENABLE_USER_SCRIPT_SANDBOXING = YES;
				GCC_C_LANGUAGE_STANDARD = gnu11;
				GCC_DYNAMIC_NO_PIC = NO;
				GCC_NO_COMMON_BLOCKS = YES;
				GCC_OPTIMIZATION_LEVEL = 0;
				GCC_PREPROCESSOR_DEFINITIONS = (
					"DEBUG=1",
					"$(inherited)",
				);
				GCC_WARN_64_TO_32_BIT_CONVERSION = YES;
				GCC_WARN_ABOUT_RETURN_TYPE = YES_ERROR;
				GCC_WARN_UNDECLARED_SELECTOR = YES;
				GCC_WARN_UNINITIALIZED_AUTOS = YES_AGGRESSIVE;
				GCC_WARN_UNUSED_FUNCTION = YES;
				GCC_WARN_UNUSED_VARIABLE = YES;
				IPHONEOS_DEPLOYMENT_TARGET = 15.0;
				MTL_ENABLE_DEBUG_INFO = INCLUDE_SOURCE;
				MTL_FAST_MATH = YES;
				ONLY_ACTIVE_ARCH = YES;
				SDKROOT = iphoneos;
				SWIFT_ACTIVE_COMPILATION_CONDITIONS = DEBUG;
				SWIFT_OPTIMIZATION_LEVEL = "-Onone";
				VERSIONING_SYSTEM = "apple-generic";
				VERSION_INFO_PREFIX = "";
			};
			name = Debug;
		};
		23D82C1F27651FEE00322193 /* Release */ = {
			isa = XCBuildConfiguration;
			buildSettings = {
				ALWAYS_SEARCH_USER_PATHS = NO;
				CLANG_ANALYZER_NONNULL = YES;
				CLANG_ANALYZER_NUMBER_OBJECT_CONVERSION = YES_AGGRESSIVE;
				CLANG_CXX_LANGUAGE_STANDARD = "gnu++17";
				CLANG_CXX_LIBRARY = "libc++";
				CLANG_ENABLE_MODULES = YES;
				CLANG_ENABLE_OBJC_ARC = YES;
				CLANG_ENABLE_OBJC_WEAK = YES;
				CLANG_WARN_BLOCK_CAPTURE_AUTORELEASING = YES;
				CLANG_WARN_BOOL_CONVERSION = YES;
				CLANG_WARN_COMMA = YES;
				CLANG_WARN_CONSTANT_CONVERSION = YES;
				CLANG_WARN_DEPRECATED_OBJC_IMPLEMENTATIONS = YES;
				CLANG_WARN_DIRECT_OBJC_ISA_USAGE = YES_ERROR;
				CLANG_WARN_DOCUMENTATION_COMMENTS = YES;
				CLANG_WARN_EMPTY_BODY = YES;
				CLANG_WARN_ENUM_CONVERSION = YES;
				CLANG_WARN_INFINITE_RECURSION = YES;
				CLANG_WARN_INT_CONVERSION = YES;
				CLANG_WARN_NON_LITERAL_NULL_CONVERSION = YES;
				CLANG_WARN_OBJC_IMPLICIT_RETAIN_SELF = YES;
				CLANG_WARN_OBJC_LITERAL_CONVERSION = YES;
				CLANG_WARN_OBJC_ROOT_CLASS = YES_ERROR;
				CLANG_WARN_QUOTED_INCLUDE_IN_FRAMEWORK_HEADER = YES;
				CLANG_WARN_RANGE_LOOP_ANALYSIS = YES;
				CLANG_WARN_STRICT_PROTOTYPES = YES;
				CLANG_WARN_SUSPICIOUS_MOVE = YES;
				CLANG_WARN_UNGUARDED_AVAILABILITY = YES_AGGRESSIVE;
				CLANG_WARN_UNREACHABLE_CODE = YES;
				CLANG_WARN__DUPLICATE_METHOD_MATCH = YES;
				COPY_PHASE_STRIP = NO;
				CURRENT_PROJECT_VERSION = 1;
				DEBUG_INFORMATION_FORMAT = "dwarf-with-dsym";
				ENABLE_NS_ASSERTIONS = NO;
				ENABLE_STRICT_OBJC_MSGSEND = YES;
				ENABLE_USER_SCRIPT_SANDBOXING = YES;
				GCC_C_LANGUAGE_STANDARD = gnu11;
				GCC_NO_COMMON_BLOCKS = YES;
				GCC_WARN_64_TO_32_BIT_CONVERSION = YES;
				GCC_WARN_ABOUT_RETURN_TYPE = YES_ERROR;
				GCC_WARN_UNDECLARED_SELECTOR = YES;
				GCC_WARN_UNINITIALIZED_AUTOS = YES_AGGRESSIVE;
				GCC_WARN_UNUSED_FUNCTION = YES;
				GCC_WARN_UNUSED_VARIABLE = YES;
				IPHONEOS_DEPLOYMENT_TARGET = 15.0;
				MTL_ENABLE_DEBUG_INFO = NO;
				MTL_FAST_MATH = YES;
				SDKROOT = iphoneos;
				SWIFT_COMPILATION_MODE = wholemodule;
				SWIFT_OPTIMIZATION_LEVEL = "-O";
				VALIDATE_PRODUCT = YES;
				VERSIONING_SYSTEM = "apple-generic";
				VERSION_INFO_PREFIX = "";
			};
			name = Release;
		};
		23D82C2127651FEE00322193 /* Debug */ = {
			isa = XCBuildConfiguration;
			buildSettings = {
				CODE_SIGN_IDENTITY = "";
				CODE_SIGN_STYLE = Automatic;
				CURRENT_PROJECT_VERSION = 1;
				DEFINES_MODULE = YES;
				DEVELOPMENT_TEAM = 899S8YHUCE;
				DYLIB_COMPATIBILITY_VERSION = 1;
				DYLIB_CURRENT_VERSION = 1;
				DYLIB_INSTALL_NAME_BASE = "@rpath";
				ENABLE_MODULE_VERIFIER = YES;
				ENABLE_USER_SCRIPT_SANDBOXING = NO;
				GENERATE_INFOPLIST_FILE = YES;
				INFOPLIST_KEY_NSHumanReadableCopyright = "";
				INSTALL_PATH = "$(LOCAL_LIBRARY_DIR)/Frameworks";
				LD_RUNPATH_SEARCH_PATHS = (
					"$(inherited)",
					"@executable_path/Frameworks",
					"@loader_path/Frameworks",
				);
				MARKETING_VERSION = 1.0;
				MODULE_VERIFIER_SUPPORTED_LANGUAGES = "objective-c objective-c++";
				MODULE_VERIFIER_SUPPORTED_LANGUAGE_STANDARDS = "gnu11 gnu++17";
				ONLY_ACTIVE_ARCH = YES;
				PRODUCT_BUNDLE_IDENTIFIER = billp.dev.Blocks;
				PRODUCT_NAME = "$(TARGET_NAME:c99extidentifier)";
				SKIP_INSTALL = YES;
				SWIFT_EMIT_LOC_STRINGS = YES;
				SWIFT_VERSION = 5.0;
				TARGETED_DEVICE_FAMILY = "1,2";
			};
			name = Debug;
		};
		23D82C2227651FEE00322193 /* Release */ = {
			isa = XCBuildConfiguration;
			buildSettings = {
				CODE_SIGN_IDENTITY = "";
				CODE_SIGN_STYLE = Automatic;
				CURRENT_PROJECT_VERSION = 1;
				DEFINES_MODULE = YES;
				DEVELOPMENT_TEAM = 899S8YHUCE;
				DYLIB_COMPATIBILITY_VERSION = 1;
				DYLIB_CURRENT_VERSION = 1;
				DYLIB_INSTALL_NAME_BASE = "@rpath";
				ENABLE_MODULE_VERIFIER = YES;
				ENABLE_USER_SCRIPT_SANDBOXING = NO;
				GENERATE_INFOPLIST_FILE = YES;
				INFOPLIST_KEY_NSHumanReadableCopyright = "";
				INSTALL_PATH = "$(LOCAL_LIBRARY_DIR)/Frameworks";
				LD_RUNPATH_SEARCH_PATHS = (
					"$(inherited)",
					"@executable_path/Frameworks",
					"@loader_path/Frameworks",
				);
				MARKETING_VERSION = 1.0;
				MODULE_VERIFIER_SUPPORTED_LANGUAGES = "objective-c objective-c++";
				MODULE_VERIFIER_SUPPORTED_LANGUAGE_STANDARDS = "gnu11 gnu++17";
				PRODUCT_BUNDLE_IDENTIFIER = billp.dev.Blocks;
				PRODUCT_NAME = "$(TARGET_NAME:c99extidentifier)";
				SKIP_INSTALL = YES;
				SWIFT_EMIT_LOC_STRINGS = YES;
				SWIFT_VERSION = 5.0;
				TARGETED_DEVICE_FAMILY = "1,2";
			};
			name = Release;
		};
		23D82C2427651FEE00322193 /* Debug */ = {
			isa = XCBuildConfiguration;
			buildSettings = {
				ALWAYS_EMBED_SWIFT_STANDARD_LIBRARIES = YES;
				CODE_SIGN_STYLE = Automatic;
				CURRENT_PROJECT_VERSION = 1;
				DEVELOPMENT_TEAM = 899S8YHUCE;
				ENABLE_USER_SCRIPT_SANDBOXING = NO;
				GENERATE_INFOPLIST_FILE = YES;
				LD_RUNPATH_SEARCH_PATHS = (
					"$(inherited)",
					"@executable_path/Frameworks",
					"@loader_path/Frameworks",
				);
				MARKETING_VERSION = 1.0;
				PRODUCT_BUNDLE_IDENTIFIER = billp.dev.BlocksTests;
				PRODUCT_NAME = "$(TARGET_NAME)";
				SWIFT_EMIT_LOC_STRINGS = NO;
				SWIFT_VERSION = 5.0;
				TARGETED_DEVICE_FAMILY = "1,2";
			};
			name = Debug;
		};
		23D82C2527651FEE00322193 /* Release */ = {
			isa = XCBuildConfiguration;
			buildSettings = {
				ALWAYS_EMBED_SWIFT_STANDARD_LIBRARIES = YES;
				CODE_SIGN_STYLE = Automatic;
				CURRENT_PROJECT_VERSION = 1;
				DEVELOPMENT_TEAM = 899S8YHUCE;
				ENABLE_USER_SCRIPT_SANDBOXING = NO;
				GENERATE_INFOPLIST_FILE = YES;
				LD_RUNPATH_SEARCH_PATHS = (
					"$(inherited)",
					"@executable_path/Frameworks",
					"@loader_path/Frameworks",
				);
				MARKETING_VERSION = 1.0;
				PRODUCT_BUNDLE_IDENTIFIER = billp.dev.BlocksTests;
				PRODUCT_NAME = "$(TARGET_NAME)";
				SWIFT_EMIT_LOC_STRINGS = NO;
				SWIFT_VERSION = 5.0;
				TARGETED_DEVICE_FAMILY = "1,2";
			};
			name = Release;
		};
/* End XCBuildConfiguration section */

/* Begin XCConfigurationList section */
		23D82C0627651FED00322193 /* Build configuration list for PBXProject "Blocks" */ = {
			isa = XCConfigurationList;
			buildConfigurations = (
				23D82C1E27651FEE00322193 /* Debug */,
				23D82C1F27651FEE00322193 /* Release */,
			);
			defaultConfigurationIsVisible = 0;
			defaultConfigurationName = Release;
		};
		23D82C2027651FEE00322193 /* Build configuration list for PBXNativeTarget "Blocks" */ = {
			isa = XCConfigurationList;
			buildConfigurations = (
				23D82C2127651FEE00322193 /* Debug */,
				23D82C2227651FEE00322193 /* Release */,
			);
			defaultConfigurationIsVisible = 0;
			defaultConfigurationName = Release;
		};
		23D82C2327651FEE00322193 /* Build configuration list for PBXNativeTarget "BlocksTests" */ = {
			isa = XCConfigurationList;
			buildConfigurations = (
				23D82C2427651FEE00322193 /* Debug */,
				23D82C2527651FEE00322193 /* Release */,
			);
			defaultConfigurationIsVisible = 0;
			defaultConfigurationName = Release;
		};
/* End XCConfigurationList section */
	};
	rootObject = 23D82C0327651FED00322193 /* Project object */;
}
